
Microsoft Visual Studio Solution File, Format Version 12.00
# Visual Studio Version 16
Project("{8BC9CEB8-8B4A-11D0-8D11-00A0C91BC942}") = "Engine", "Engine\Source\Runtime\Engine\Engine.vcxproj", "{DBC7D3B0-C769-FE86-B024-12DB9C6585D7}"
EndProject
Project("{2150E333-8FDC-42A3-9474-1A3956D46DE8}") = "Editor", "Editor", "{339C0AE1-1FFF-9985-C884-D23BB4C66508}"
EndProject
Project("{8BC9CEB8-8B4A-11D0-8D11-00A0C91BC942}") = "HelixEd", "Engine\Source\Editor\HelixEd\HelixEd.vcxproj", "{28AD979D-948C-1639-9DA4-A10F09037D9A}"
EndProject
Project("{2150E333-8FDC-42A3-9474-1A3956D46DE8}") = "Modules", "Modules", "{65CB7E83-D18B-FAB9-9AC6-433706463F96}"
EndProject
Project("{8BC9CEB8-8B4A-11D0-8D11-00A0C91BC942}") = "Core", "Engine\Source\Runtime\Core\Core.vcxproj", "{2EB4837C-1AEB-840D-C3D7-6A10AFED000F}"
EndProject
Project("{8BC9CEB8-8B4A-11D0-8D11-00A0C91BC942}") = "Math", "Engine\Source\Runtime\Math\Math.vcxproj", "{AFF4887C-9B2B-8A0D-4418-7010302E060F}"
EndProject
Project("{8BC9CEB8-8B4A-11D0-8D11-00A0C91BC942}") = "Physics", "Engine\Source\Runtime\Physics\Physics.vcxproj", "{888B590D-F46A-D8A8-FD82-637F69E13E0A}"
EndProject
Project("{8BC9CEB8-8B4A-11D0-8D11-00A0C91BC942}") = "Renderer", "Engine\Source\Runtime\Renderer\Renderer.vcxproj", "{7CCE658F-689B-C09A-91B4-AE427DE0F528}"
EndProject
Project("{2150E333-8FDC-42A3-9474-1A3956D46DE8}") = "Programs", "Programs", "{B70DBBB7-A3DB-AEBD-8C6F-1FE478DC8A22}"
EndProject
Project("{8BC9CEB8-8B4A-11D0-8D11-00A0C91BC942}") = "PackageCooker", "Engine\Source\Editor\PackageCooker\PackageCooker.vcxproj", "{F4D4E73E-6095-6375-29D0-ACF2954FA851}"
EndProject
Project("{8BC9CEB8-8B4A-11D0-8D11-00A0C91BC942}") = "Shaders", "Engine\Shaders\Shaders.vcxproj", "{EFAC8DF2-5B8C-0C8E-64A4-9764D00273EF}"
EndProject
Project("{8BC9CEB8-8B4A-11D0-8D11-00A0C91BC942}") = "UnitTests", "Engine\Source\UnitTests\UnitTests.vcxproj", "{F8411ACB-64AC-CE41-ADEA-7FE71994AC96}"
EndProject
Global
	GlobalSection(SolutionConfigurationPlatforms) = preSolution
		DebugEditor|Durango = DebugEditor|Durango
		DebugEditor|Prospero = DebugEditor|Prospero
		DebugEditor|Scorpio = DebugEditor|Scorpio
		DebugEditor|Win32 = DebugEditor|Win32
		DebugEditor|Win64 = DebugEditor|Win64
		DebugGame|Durango = DebugGame|Durango
		DebugGame|Prospero = DebugGame|Prospero
		DebugGame|Scorpio = DebugGame|Scorpio
		DebugGame|Win32 = DebugGame|Win32
		DebugGame|Win64 = DebugGame|Win64
		Development|Durango = Development|Durango
		Development|Prospero = Development|Prospero
		Development|Scorpio = Development|Scorpio
		Development|Win32 = Development|Win32
		Development|Win64 = Development|Win64
		ShippingGame|Durango = ShippingGame|Durango
		ShippingGame|Prospero = ShippingGame|Prospero
		ShippingGame|Scorpio = ShippingGame|Scorpio
		ShippingGame|Win32 = ShippingGame|Win32
		ShippingGame|Win64 = ShippingGame|Win64
	EndGlobalSection
	GlobalSection(ProjectConfigurationPlatforms) = postSolution
		{DBC7D3B0-C769-FE86-B024-12DB9C6585D7}.DebugEditor|Durango.ActiveCfg = DebugEditor Durango|Win32
		{DBC7D3B0-C769-FE86-B024-12DB9C6585D7}.DebugEditor|Durango.Build.0 = DebugEditor Durango|Win32
		{DBC7D3B0-C769-FE86-B024-12DB9C6585D7}.DebugEditor|Prospero.ActiveCfg = DebugEditor Prospero|x64
		{DBC7D3B0-C769-FE86-B024-12DB9C6585D7}.DebugEditor|Prospero.Build.0 = DebugEditor Prospero|x64
		{DBC7D3B0-C769-FE86-B024-12DB9C6585D7}.DebugEditor|Scorpio.ActiveCfg = DebugEditor Scorpio|Win32
		{DBC7D3B0-C769-FE86-B024-12DB9C6585D7}.DebugEditor|Scorpio.Build.0 = DebugEditor Scorpio|Win32
		{DBC7D3B0-C769-FE86-B024-12DB9C6585D7}.DebugEditor|Win32.ActiveCfg = DebugEditor Win32|x64
		{DBC7D3B0-C769-FE86-B024-12DB9C6585D7}.DebugEditor|Win32.Build.0 = DebugEditor Win32|x64
		{DBC7D3B0-C769-FE86-B024-12DB9C6585D7}.DebugEditor|Win64.ActiveCfg = DebugEditor Win64|x64
		{DBC7D3B0-C769-FE86-B024-12DB9C6585D7}.DebugEditor|Win64.Build.0 = DebugEditor Win64|x64
		{DBC7D3B0-C769-FE86-B024-12DB9C6585D7}.DebugGame|Durango.ActiveCfg = DebugGame Durango|Win32
		{DBC7D3B0-C769-FE86-B024-12DB9C6585D7}.DebugGame|Durango.Build.0 = DebugGame Durango|Win32
		{DBC7D3B0-C769-FE86-B024-12DB9C6585D7}.DebugGame|Prospero.ActiveCfg = DebugGame Prospero|x64
		{DBC7D3B0-C769-FE86-B024-12DB9C6585D7}.DebugGame|Prospero.Build.0 = DebugGame Prospero|x64
		{DBC7D3B0-C769-FE86-B024-12DB9C6585D7}.DebugGame|Scorpio.ActiveCfg = DebugGame Scorpio|Win32
		{DBC7D3B0-C769-FE86-B024-12DB9C6585D7}.DebugGame|Scorpio.Build.0 = DebugGame Scorpio|Win32
		{DBC7D3B0-C769-FE86-B024-12DB9C6585D7}.DebugGame|Win32.ActiveCfg = DebugGame Win32|x64
		{DBC7D3B0-C769-FE86-B024-12DB9C6585D7}.DebugGame|Win32.Build.0 = DebugGame Win32|x64
		{DBC7D3B0-C769-FE86-B024-12DB9C6585D7}.DebugGame|Win64.ActiveCfg = DebugGame Win64|x64
		{DBC7D3B0-C769-FE86-B024-12DB9C6585D7}.DebugGame|Win64.Build.0 = DebugGame Win64|x64
		{DBC7D3B0-C769-FE86-B024-12DB9C6585D7}.Development|Durango.ActiveCfg = Development Durango|Win32
		{DBC7D3B0-C769-FE86-B024-12DB9C6585D7}.Development|Durango.Build.0 = Development Durango|Win32
		{DBC7D3B0-C769-FE86-B024-12DB9C6585D7}.Development|Prospero.ActiveCfg = Development Prospero|x64
		{DBC7D3B0-C769-FE86-B024-12DB9C6585D7}.Development|Prospero.Build.0 = Development Prospero|x64
		{DBC7D3B0-C769-FE86-B024-12DB9C6585D7}.Development|Scorpio.ActiveCfg = Development Scorpio|Win32
		{DBC7D3B0-C769-FE86-B024-12DB9C6585D7}.Development|Scorpio.Build.0 = Development Scorpio|Win32
		{DBC7D3B0-C769-FE86-B024-12DB9C6585D7}.Development|Win32.ActiveCfg = Development Win32|x64
		{DBC7D3B0-C769-FE86-B024-12DB9C6585D7}.Development|Win32.Build.0 = Development Win32|x64
		{DBC7D3B0-C769-FE86-B024-12DB9C6585D7}.Development|Win64.ActiveCfg = Development Win64|x64
		{DBC7D3B0-C769-FE86-B024-12DB9C6585D7}.Development|Win64.Build.0 = Development Win64|x64
		{DBC7D3B0-C769-FE86-B024-12DB9C6585D7}.ShippingGame|Durango.ActiveCfg = ShippingGame Durango|Win32
		{DBC7D3B0-C769-FE86-B024-12DB9C6585D7}.ShippingGame|Durango.Build.0 = ShippingGame Durango|Win32
		{DBC7D3B0-C769-FE86-B024-12DB9C6585D7}.ShippingGame|Prospero.ActiveCfg = ShippingGame Prospero|x64
		{DBC7D3B0-C769-FE86-B024-12DB9C6585D7}.ShippingGame|Prospero.Build.0 = ShippingGame Prospero|x64
		{DBC7D3B0-C769-FE86-B024-12DB9C6585D7}.ShippingGame|Scorpio.ActiveCfg = ShippingGame Scorpio|Win32
		{DBC7D3B0-C769-FE86-B024-12DB9C6585D7}.ShippingGame|Scorpio.Build.0 = ShippingGame Scorpio|Win32
		{DBC7D3B0-C769-FE86-B024-12DB9C6585D7}.ShippingGame|Win32.ActiveCfg = ShippingGame Win32|x64
		{DBC7D3B0-C769-FE86-B024-12DB9C6585D7}.ShippingGame|Win32.Build.0 = ShippingGame Win32|x64
		{DBC7D3B0-C769-FE86-B024-12DB9C6585D7}.ShippingGame|Win64.ActiveCfg = ShippingGame Win64|x64
		{DBC7D3B0-C769-FE86-B024-12DB9C6585D7}.ShippingGame|Win64.Build.0 = ShippingGame Win64|x64
		{28AD979D-948C-1639-9DA4-A10F09037D9A}.DebugEditor|Durango.ActiveCfg = DebugEditor Durango|Win32
		{28AD979D-948C-1639-9DA4-A10F09037D9A}.DebugEditor|Durango.Build.0 = DebugEditor Durango|Win32
		{28AD979D-948C-1639-9DA4-A10F09037D9A}.DebugEditor|Prospero.ActiveCfg = DebugEditor Prospero|x64
		{28AD979D-948C-1639-9DA4-A10F09037D9A}.DebugEditor|Prospero.Build.0 = DebugEditor Prospero|x64
		{28AD979D-948C-1639-9DA4-A10F09037D9A}.DebugEditor|Scorpio.ActiveCfg = DebugEditor Scorpio|Win32
		{28AD979D-948C-1639-9DA4-A10F09037D9A}.DebugEditor|Scorpio.Build.0 = DebugEditor Scorpio|Win32
		{28AD979D-948C-1639-9DA4-A10F09037D9A}.DebugEditor|Win32.ActiveCfg = DebugEditor Win32|x64
		{28AD979D-948C-1639-9DA4-A10F09037D9A}.DebugEditor|Win32.Build.0 = DebugEditor Win32|x64
		{28AD979D-948C-1639-9DA4-A10F09037D9A}.DebugEditor|Win64.ActiveCfg = DebugEditor Win64|x64
		{28AD979D-948C-1639-9DA4-A10F09037D9A}.DebugEditor|Win64.Build.0 = DebugEditor Win64|x64
		{28AD979D-948C-1639-9DA4-A10F09037D9A}.DebugGame|Durango.ActiveCfg = DebugGame Durango|Win32
		{28AD979D-948C-1639-9DA4-A10F09037D9A}.DebugGame|Durango.Build.0 = DebugGame Durango|Win32
		{28AD979D-948C-1639-9DA4-A10F09037D9A}.DebugGame|Prospero.ActiveCfg = DebugGame Prospero|x64
		{28AD979D-948C-1639-9DA4-A10F09037D9A}.DebugGame|Prospero.Build.0 = DebugGame Prospero|x64
		{28AD979D-948C-1639-9DA4-A10F09037D9A}.DebugGame|Scorpio.ActiveCfg = DebugGame Scorpio|Win32
		{28AD979D-948C-1639-9DA4-A10F09037D9A}.DebugGame|Scorpio.Build.0 = DebugGame Scorpio|Win32
		{28AD979D-948C-1639-9DA4-A10F09037D9A}.DebugGame|Win32.ActiveCfg = DebugGame Win32|x64
		{28AD979D-948C-1639-9DA4-A10F09037D9A}.DebugGame|Win32.Build.0 = DebugGame Win32|x64
		{28AD979D-948C-1639-9DA4-A10F09037D9A}.DebugGame|Win64.ActiveCfg = DebugGame Win64|x64
		{28AD979D-948C-1639-9DA4-A10F09037D9A}.DebugGame|Win64.Build.0 = DebugGame Win64|x64
		{28AD979D-948C-1639-9DA4-A10F09037D9A}.Development|Durango.ActiveCfg = Development Durango|Win32
		{28AD979D-948C-1639-9DA4-A10F09037D9A}.Development|Durango.Build.0 = Development Durango|Win32
		{28AD979D-948C-1639-9DA4-A10F09037D9A}.Development|Prospero.ActiveCfg = Development Prospero|x64
		{28AD979D-948C-1639-9DA4-A10F09037D9A}.Development|Prospero.Build.0 = Development Prospero|x64
		{28AD979D-948C-1639-9DA4-A10F09037D9A}.Development|Scorpio.ActiveCfg = Development Scorpio|Win32
		{28AD979D-948C-1639-9DA4-A10F09037D9A}.Development|Scorpio.Build.0 = Development Scorpio|Win32
		{28AD979D-948C-1639-9DA4-A10F09037D9A}.Development|Win32.ActiveCfg = Development Win32|x64
		{28AD979D-948C-1639-9DA4-A10F09037D9A}.Development|Win32.Build.0 = Development Win32|x64
		{28AD979D-948C-1639-9DA4-A10F09037D9A}.Development|Win64.ActiveCfg = Development Win64|x64
		{28AD979D-948C-1639-9DA4-A10F09037D9A}.Development|Win64.Build.0 = Development Win64|x64
		{28AD979D-948C-1639-9DA4-A10F09037D9A}.ShippingGame|Durango.ActiveCfg = ShippingGame Durango|Win32
		{28AD979D-948C-1639-9DA4-A10F09037D9A}.ShippingGame|Durango.Build.0 = ShippingGame Durango|Win32
		{28AD979D-948C-1639-9DA4-A10F09037D9A}.ShippingGame|Prospero.ActiveCfg = ShippingGame Prospero|x64
		{28AD979D-948C-1639-9DA4-A10F09037D9A}.ShippingGame|Prospero.Build.0 = ShippingGame Prospero|x64
		{28AD979D-948C-1639-9DA4-A10F09037D9A}.ShippingGame|Scorpio.ActiveCfg = ShippingGame Scorpio|Win32
		{28AD979D-948C-1639-9DA4-A10F09037D9A}.ShippingGame|Scorpio.Build.0 = ShippingGame Scorpio|Win32
		{28AD979D-948C-1639-9DA4-A10F09037D9A}.ShippingGame|Win32.ActiveCfg = ShippingGame Win32|x64
		{28AD979D-948C-1639-9DA4-A10F09037D9A}.ShippingGame|Win32.Build.0 = ShippingGame Win32|x64
		{28AD979D-948C-1639-9DA4-A10F09037D9A}.ShippingGame|Win64.ActiveCfg = ShippingGame Win64|x64
		{28AD979D-948C-1639-9DA4-A10F09037D9A}.ShippingGame|Win64.Build.0 = ShippingGame Win64|x64
		{2EB4837C-1AEB-840D-C3D7-6A10AFED000F}.DebugEditor|Durango.ActiveCfg = DebugEditor Durango|Win32
		{2EB4837C-1AEB-840D-C3D7-6A10AFED000F}.DebugEditor|Durango.Build.0 = DebugEditor Durango|Win32
		{2EB4837C-1AEB-840D-C3D7-6A10AFED000F}.DebugEditor|Prospero.ActiveCfg = DebugEditor Prospero|x64
		{2EB4837C-1AEB-840D-C3D7-6A10AFED000F}.DebugEditor|Prospero.Build.0 = DebugEditor Prospero|x64
		{2EB4837C-1AEB-840D-C3D7-6A10AFED000F}.DebugEditor|Scorpio.ActiveCfg = DebugEditor Scorpio|Win32
		{2EB4837C-1AEB-840D-C3D7-6A10AFED000F}.DebugEditor|Scorpio.Build.0 = DebugEditor Scorpio|Win32
		{2EB4837C-1AEB-840D-C3D7-6A10AFED000F}.DebugEditor|Win32.ActiveCfg = DebugEditor Win32|x64
		{2EB4837C-1AEB-840D-C3D7-6A10AFED000F}.DebugEditor|Win32.Build.0 = DebugEditor Win32|x64
		{2EB4837C-1AEB-840D-C3D7-6A10AFED000F}.DebugEditor|Win64.ActiveCfg = DebugEditor Win64|x64
		{2EB4837C-1AEB-840D-C3D7-6A10AFED000F}.DebugEditor|Win64.Build.0 = DebugEditor Win64|x64
		{2EB4837C-1AEB-840D-C3D7-6A10AFED000F}.DebugGame|Durango.ActiveCfg = DebugGame Durango|Win32
		{2EB4837C-1AEB-840D-C3D7-6A10AFED000F}.DebugGame|Durango.Build.0 = DebugGame Durango|Win32
		{2EB4837C-1AEB-840D-C3D7-6A10AFED000F}.DebugGame|Prospero.ActiveCfg = DebugGame Prospero|x64
		{2EB4837C-1AEB-840D-C3D7-6A10AFED000F}.DebugGame|Prospero.Build.0 = DebugGame Prospero|x64
		{2EB4837C-1AEB-840D-C3D7-6A10AFED000F}.DebugGame|Scorpio.ActiveCfg = DebugGame Scorpio|Win32
		{2EB4837C-1AEB-840D-C3D7-6A10AFED000F}.DebugGame|Scorpio.Build.0 = DebugGame Scorpio|Win32
		{2EB4837C-1AEB-840D-C3D7-6A10AFED000F}.DebugGame|Win32.ActiveCfg = DebugGame Win32|x64
		{2EB4837C-1AEB-840D-C3D7-6A10AFED000F}.DebugGame|Win32.Build.0 = DebugGame Win32|x64
		{2EB4837C-1AEB-840D-C3D7-6A10AFED000F}.DebugGame|Win64.ActiveCfg = DebugGame Win64|x64
		{2EB4837C-1AEB-840D-C3D7-6A10AFED000F}.DebugGame|Win64.Build.0 = DebugGame Win64|x64
		{2EB4837C-1AEB-840D-C3D7-6A10AFED000F}.Development|Durango.ActiveCfg = Development Durango|Win32
		{2EB4837C-1AEB-840D-C3D7-6A10AFED000F}.Development|Durango.Build.0 = Development Durango|Win32
		{2EB4837C-1AEB-840D-C3D7-6A10AFED000F}.Development|Prospero.ActiveCfg = Development Prospero|x64
		{2EB4837C-1AEB-840D-C3D7-6A10AFED000F}.Development|Prospero.Build.0 = Development Prospero|x64
		{2EB4837C-1AEB-840D-C3D7-6A10AFED000F}.Development|Scorpio.ActiveCfg = Development Scorpio|Win32
		{2EB4837C-1AEB-840D-C3D7-6A10AFED000F}.Development|Scorpio.Build.0 = Development Scorpio|Win32
		{2EB4837C-1AEB-840D-C3D7-6A10AFED000F}.Development|Win32.ActiveCfg = Development Win32|x64
		{2EB4837C-1AEB-840D-C3D7-6A10AFED000F}.Development|Win32.Build.0 = Development Win32|x64
		{2EB4837C-1AEB-840D-C3D7-6A10AFED000F}.Development|Win64.ActiveCfg = Development Win64|x64
		{2EB4837C-1AEB-840D-C3D7-6A10AFED000F}.Development|Win64.Build.0 = Development Win64|x64
		{2EB4837C-1AEB-840D-C3D7-6A10AFED000F}.ShippingGame|Durango.ActiveCfg = ShippingGame Durango|Win32
		{2EB4837C-1AEB-840D-C3D7-6A10AFED000F}.ShippingGame|Durango.Build.0 = ShippingGame Durango|Win32
		{2EB4837C-1AEB-840D-C3D7-6A10AFED000F}.ShippingGame|Prospero.ActiveCfg = ShippingGame Prospero|x64
		{2EB4837C-1AEB-840D-C3D7-6A10AFED000F}.ShippingGame|Prospero.Build.0 = ShippingGame Prospero|x64
		{2EB4837C-1AEB-840D-C3D7-6A10AFED000F}.ShippingGame|Scorpio.ActiveCfg = ShippingGame Scorpio|Win32
		{2EB4837C-1AEB-840D-C3D7-6A10AFED000F}.ShippingGame|Scorpio.Build.0 = ShippingGame Scorpio|Win32
		{2EB4837C-1AEB-840D-C3D7-6A10AFED000F}.ShippingGame|Win32.ActiveCfg = ShippingGame Win32|x64
		{2EB4837C-1AEB-840D-C3D7-6A10AFED000F}.ShippingGame|Win32.Build.0 = ShippingGame Win32|x64
		{2EB4837C-1AEB-840D-C3D7-6A10AFED000F}.ShippingGame|Win64.ActiveCfg = ShippingGame Win64|x64
		{2EB4837C-1AEB-840D-C3D7-6A10AFED000F}.ShippingGame|Win64.Build.0 = ShippingGame Win64|x64
		{AFF4887C-9B2B-8A0D-4418-7010302E060F}.DebugEditor|Durango.ActiveCfg = DebugEditor Durango|Win32
		{AFF4887C-9B2B-8A0D-4418-7010302E060F}.DebugEditor|Durango.Build.0 = DebugEditor Durango|Win32
		{AFF4887C-9B2B-8A0D-4418-7010302E060F}.DebugEditor|Prospero.ActiveCfg = DebugEditor Prospero|x64
		{AFF4887C-9B2B-8A0D-4418-7010302E060F}.DebugEditor|Prospero.Build.0 = DebugEditor Prospero|x64
		{AFF4887C-9B2B-8A0D-4418-7010302E060F}.DebugEditor|Scorpio.ActiveCfg = DebugEditor Scorpio|Win32
		{AFF4887C-9B2B-8A0D-4418-7010302E060F}.DebugEditor|Scorpio.Build.0 = DebugEditor Scorpio|Win32
		{AFF4887C-9B2B-8A0D-4418-7010302E060F}.DebugEditor|Win32.ActiveCfg = DebugEditor Win32|x64
		{AFF4887C-9B2B-8A0D-4418-7010302E060F}.DebugEditor|Win32.Build.0 = DebugEditor Win32|x64
		{AFF4887C-9B2B-8A0D-4418-7010302E060F}.DebugEditor|Win64.ActiveCfg = DebugEditor Win64|x64
		{AFF4887C-9B2B-8A0D-4418-7010302E060F}.DebugEditor|Win64.Build.0 = DebugEditor Win64|x64
		{AFF4887C-9B2B-8A0D-4418-7010302E060F}.DebugGame|Durango.ActiveCfg = DebugGame Durango|Win32
		{AFF4887C-9B2B-8A0D-4418-7010302E060F}.DebugGame|Durango.Build.0 = DebugGame Durango|Win32
		{AFF4887C-9B2B-8A0D-4418-7010302E060F}.DebugGame|Prospero.ActiveCfg = DebugGame Prospero|x64
		{AFF4887C-9B2B-8A0D-4418-7010302E060F}.DebugGame|Prospero.Build.0 = DebugGame Prospero|x64
		{AFF4887C-9B2B-8A0D-4418-7010302E060F}.DebugGame|Scorpio.ActiveCfg = DebugGame Scorpio|Win32
		{AFF4887C-9B2B-8A0D-4418-7010302E060F}.DebugGame|Scorpio.Build.0 = DebugGame Scorpio|Win32
		{AFF4887C-9B2B-8A0D-4418-7010302E060F}.DebugGame|Win32.ActiveCfg = DebugGame Win32|x64
		{AFF4887C-9B2B-8A0D-4418-7010302E060F}.DebugGame|Win32.Build.0 = DebugGame Win32|x64
		{AFF4887C-9B2B-8A0D-4418-7010302E060F}.DebugGame|Win64.ActiveCfg = DebugGame Win64|x64
		{AFF4887C-9B2B-8A0D-4418-7010302E060F}.DebugGame|Win64.Build.0 = DebugGame Win64|x64
		{AFF4887C-9B2B-8A0D-4418-7010302E060F}.Development|Durango.ActiveCfg = Development Durango|Win32
		{AFF4887C-9B2B-8A0D-4418-7010302E060F}.Development|Durango.Build.0 = Development Durango|Win32
		{AFF4887C-9B2B-8A0D-4418-7010302E060F}.Development|Prospero.ActiveCfg = Development Prospero|x64
		{AFF4887C-9B2B-8A0D-4418-7010302E060F}.Development|Prospero.Build.0 = Development Prospero|x64
		{AFF4887C-9B2B-8A0D-4418-7010302E060F}.Development|Scorpio.ActiveCfg = Development Scorpio|Win32
		{AFF4887C-9B2B-8A0D-4418-7010302E060F}.Development|Scorpio.Build.0 = Development Scorpio|Win32
		{AFF4887C-9B2B-8A0D-4418-7010302E060F}.Development|Win32.ActiveCfg = Development Win32|x64
		{AFF4887C-9B2B-8A0D-4418-7010302E060F}.Development|Win32.Build.0 = Development Win32|x64
		{AFF4887C-9B2B-8A0D-4418-7010302E060F}.Development|Win64.ActiveCfg = Development Win64|x64
		{AFF4887C-9B2B-8A0D-4418-7010302E060F}.Development|Win64.Build.0 = Development Win64|x64
		{AFF4887C-9B2B-8A0D-4418-7010302E060F}.ShippingGame|Durango.ActiveCfg = ShippingGame Durango|Win32
		{AFF4887C-9B2B-8A0D-4418-7010302E060F}.ShippingGame|Durango.Build.0 = ShippingGame Durango|Win32
		{AFF4887C-9B2B-8A0D-4418-7010302E060F}.ShippingGame|Prospero.ActiveCfg = ShippingGame Prospero|x64
		{AFF4887C-9B2B-8A0D-4418-7010302E060F}.ShippingGame|Prospero.Build.0 = ShippingGame Prospero|x64
		{AFF4887C-9B2B-8A0D-4418-7010302E060F}.ShippingGame|Scorpio.ActiveCfg = ShippingGame Scorpio|Win32
		{AFF4887C-9B2B-8A0D-4418-7010302E060F}.ShippingGame|Scorpio.Build.0 = ShippingGame Scorpio|Win32
		{AFF4887C-9B2B-8A0D-4418-7010302E060F}.ShippingGame|Win32.ActiveCfg = ShippingGame Win32|x64
		{AFF4887C-9B2B-8A0D-4418-7010302E060F}.ShippingGame|Win32.Build.0 = ShippingGame Win32|x64
		{AFF4887C-9B2B-8A0D-4418-7010302E060F}.ShippingGame|Win64.ActiveCfg = ShippingGame Win64|x64
		{AFF4887C-9B2B-8A0D-4418-7010302E060F}.ShippingGame|Win64.Build.0 = ShippingGame Win64|x64
		{888B590D-F46A-D8A8-FD82-637F69E13E0A}.DebugEditor|Durango.ActiveCfg = DebugEditor Durango|Win32
		{888B590D-F46A-D8A8-FD82-637F69E13E0A}.DebugEditor|Durango.Build.0 = DebugEditor Durango|Win32
		{888B590D-F46A-D8A8-FD82-637F69E13E0A}.DebugEditor|Prospero.ActiveCfg = DebugEditor Prospero|x64
		{888B590D-F46A-D8A8-FD82-637F69E13E0A}.DebugEditor|Prospero.Build.0 = DebugEditor Prospero|x64
		{888B590D-F46A-D8A8-FD82-637F69E13E0A}.DebugEditor|Scorpio.ActiveCfg = DebugEditor Scorpio|Win32
		{888B590D-F46A-D8A8-FD82-637F69E13E0A}.DebugEditor|Scorpio.Build.0 = DebugEditor Scorpio|Win32
		{888B590D-F46A-D8A8-FD82-637F69E13E0A}.DebugEditor|Win32.ActiveCfg = DebugEditor Win32|x64
		{888B590D-F46A-D8A8-FD82-637F69E13E0A}.DebugEditor|Win32.Build.0 = DebugEditor Win32|x64
		{888B590D-F46A-D8A8-FD82-637F69E13E0A}.DebugEditor|Win64.ActiveCfg = DebugEditor Win64|x64
		{888B590D-F46A-D8A8-FD82-637F69E13E0A}.DebugEditor|Win64.Build.0 = DebugEditor Win64|x64
		{888B590D-F46A-D8A8-FD82-637F69E13E0A}.DebugGame|Durango.ActiveCfg = DebugGame Durango|Win32
		{888B590D-F46A-D8A8-FD82-637F69E13E0A}.DebugGame|Durango.Build.0 = DebugGame Durango|Win32
		{888B590D-F46A-D8A8-FD82-637F69E13E0A}.DebugGame|Prospero.ActiveCfg = DebugGame Prospero|x64
		{888B590D-F46A-D8A8-FD82-637F69E13E0A}.DebugGame|Prospero.Build.0 = DebugGame Prospero|x64
		{888B590D-F46A-D8A8-FD82-637F69E13E0A}.DebugGame|Scorpio.ActiveCfg = DebugGame Scorpio|Win32
		{888B590D-F46A-D8A8-FD82-637F69E13E0A}.DebugGame|Scorpio.Build.0 = DebugGame Scorpio|Win32
		{888B590D-F46A-D8A8-FD82-637F69E13E0A}.DebugGame|Win32.ActiveCfg = DebugGame Win32|x64
		{888B590D-F46A-D8A8-FD82-637F69E13E0A}.DebugGame|Win32.Build.0 = DebugGame Win32|x64
		{888B590D-F46A-D8A8-FD82-637F69E13E0A}.DebugGame|Win64.ActiveCfg = DebugGame Win64|x64
		{888B590D-F46A-D8A8-FD82-637F69E13E0A}.DebugGame|Win64.Build.0 = DebugGame Win64|x64
		{888B590D-F46A-D8A8-FD82-637F69E13E0A}.Development|Durango.ActiveCfg = Development Durango|Win32
		{888B590D-F46A-D8A8-FD82-637F69E13E0A}.Development|Durango.Build.0 = Development Durango|Win32
		{888B590D-F46A-D8A8-FD82-637F69E13E0A}.Development|Prospero.ActiveCfg = Development Prospero|x64
		{888B590D-F46A-D8A8-FD82-637F69E13E0A}.Development|Prospero.Build.0 = Development Prospero|x64
		{888B590D-F46A-D8A8-FD82-637F69E13E0A}.Development|Scorpio.ActiveCfg = Development Scorpio|Win32
		{888B590D-F46A-D8A8-FD82-637F69E13E0A}.Development|Scorpio.Build.0 = Development Scorpio|Win32
		{888B590D-F46A-D8A8-FD82-637F69E13E0A}.Development|Win32.ActiveCfg = Development Win32|x64
		{888B590D-F46A-D8A8-FD82-637F69E13E0A}.Development|Win32.Build.0 = Development Win32|x64
		{888B590D-F46A-D8A8-FD82-637F69E13E0A}.Development|Win64.ActiveCfg = Development Win64|x64
		{888B590D-F46A-D8A8-FD82-637F69E13E0A}.Development|Win64.Build.0 = Development Win64|x64
		{888B590D-F46A-D8A8-FD82-637F69E13E0A}.ShippingGame|Durango.ActiveCfg = ShippingGame Durango|Win32
		{888B590D-F46A-D8A8-FD82-637F69E13E0A}.ShippingGame|Durango.Build.0 = ShippingGame Durango|Win32
		{888B590D-F46A-D8A8-FD82-637F69E13E0A}.ShippingGame|Prospero.ActiveCfg = ShippingGame Prospero|x64
		{888B590D-F46A-D8A8-FD82-637F69E13E0A}.ShippingGame|Prospero.Build.0 = ShippingGame Prospero|x64
		{888B590D-F46A-D8A8-FD82-637F69E13E0A}.ShippingGame|Scorpio.ActiveCfg = ShippingGame Scorpio|Win32
		{888B590D-F46A-D8A8-FD82-637F69E13E0A}.ShippingGame|Scorpio.Build.0 = ShippingGame Scorpio|Win32
		{888B590D-F46A-D8A8-FD82-637F69E13E0A}.ShippingGame|Win32.ActiveCfg = ShippingGame Win32|x64
		{888B590D-F46A-D8A8-FD82-637F69E13E0A}.ShippingGame|Win32.Build.0 = ShippingGame Win32|x64
		{888B590D-F46A-D8A8-FD82-637F69E13E0A}.ShippingGame|Win64.ActiveCfg = ShippingGame Win64|x64
		{888B590D-F46A-D8A8-FD82-637F69E13E0A}.ShippingGame|Win64.Build.0 = ShippingGame Win64|x64
		{7CCE658F-689B-C09A-91B4-AE427DE0F528}.DebugEditor|Durango.ActiveCfg = DebugEditor Durango|Win32
		{7CCE658F-689B-C09A-91B4-AE427DE0F528}.DebugEditor|Durango.Build.0 = DebugEditor Durango|Win32
		{7CCE658F-689B-C09A-91B4-AE427DE0F528}.DebugEditor|Prospero.ActiveCfg = DebugEditor Prospero|x64
		{7CCE658F-689B-C09A-91B4-AE427DE0F528}.DebugEditor|Prospero.Build.0 = DebugEditor Prospero|x64
		{7CCE658F-689B-C09A-91B4-AE427DE0F528}.DebugEditor|Scorpio.ActiveCfg = DebugEditor Scorpio|Win32
		{7CCE658F-689B-C09A-91B4-AE427DE0F528}.DebugEditor|Scorpio.Build.0 = DebugEditor Scorpio|Win32
		{7CCE658F-689B-C09A-91B4-AE427DE0F528}.DebugEditor|Win32.ActiveCfg = DebugEditor Win32|x64
		{7CCE658F-689B-C09A-91B4-AE427DE0F528}.DebugEditor|Win32.Build.0 = DebugEditor Win32|x64
		{7CCE658F-689B-C09A-91B4-AE427DE0F528}.DebugEditor|Win64.ActiveCfg = DebugEditor Win64|x64
		{7CCE658F-689B-C09A-91B4-AE427DE0F528}.DebugEditor|Win64.Build.0 = DebugEditor Win64|x64
		{7CCE658F-689B-C09A-91B4-AE427DE0F528}.DebugGame|Durango.ActiveCfg = DebugGame Durango|Win32
		{7CCE658F-689B-C09A-91B4-AE427DE0F528}.DebugGame|Durango.Build.0 = DebugGame Durango|Win32
		{7CCE658F-689B-C09A-91B4-AE427DE0F528}.DebugGame|Prospero.ActiveCfg = DebugGame Prospero|x64
		{7CCE658F-689B-C09A-91B4-AE427DE0F528}.DebugGame|Prospero.Build.0 = DebugGame Prospero|x64
		{7CCE658F-689B-C09A-91B4-AE427DE0F528}.DebugGame|Scorpio.ActiveCfg = DebugGame Scorpio|Win32
		{7CCE658F-689B-C09A-91B4-AE427DE0F528}.DebugGame|Scorpio.Build.0 = DebugGame Scorpio|Win32
		{7CCE658F-689B-C09A-91B4-AE427DE0F528}.DebugGame|Win32.ActiveCfg = DebugGame Win32|x64
		{7CCE658F-689B-C09A-91B4-AE427DE0F528}.DebugGame|Win32.Build.0 = DebugGame Win32|x64
		{7CCE658F-689B-C09A-91B4-AE427DE0F528}.DebugGame|Win64.ActiveCfg = DebugGame Win64|x64
		{7CCE658F-689B-C09A-91B4-AE427DE0F528}.DebugGame|Win64.Build.0 = DebugGame Win64|x64
		{7CCE658F-689B-C09A-91B4-AE427DE0F528}.Development|Durango.ActiveCfg = Development Durango|Win32
		{7CCE658F-689B-C09A-91B4-AE427DE0F528}.Development|Durango.Build.0 = Development Durango|Win32
		{7CCE658F-689B-C09A-91B4-AE427DE0F528}.Development|Prospero.ActiveCfg = Development Prospero|x64
		{7CCE658F-689B-C09A-91B4-AE427DE0F528}.Development|Prospero.Build.0 = Development Prospero|x64
		{7CCE658F-689B-C09A-91B4-AE427DE0F528}.Development|Scorpio.ActiveCfg = Development Scorpio|Win32
		{7CCE658F-689B-C09A-91B4-AE427DE0F528}.Development|Scorpio.Build.0 = Development Scorpio|Win32
		{7CCE658F-689B-C09A-91B4-AE427DE0F528}.Development|Win32.ActiveCfg = Development Win32|x64
		{7CCE658F-689B-C09A-91B4-AE427DE0F528}.Development|Win32.Build.0 = Development Win32|x64
		{7CCE658F-689B-C09A-91B4-AE427DE0F528}.Development|Win64.ActiveCfg = Development Win64|x64
		{7CCE658F-689B-C09A-91B4-AE427DE0F528}.Development|Win64.Build.0 = Development Win64|x64
		{7CCE658F-689B-C09A-91B4-AE427DE0F528}.ShippingGame|Durango.ActiveCfg = ShippingGame Durango|Win32
		{7CCE658F-689B-C09A-91B4-AE427DE0F528}.ShippingGame|Durango.Build.0 = ShippingGame Durango|Win32
		{7CCE658F-689B-C09A-91B4-AE427DE0F528}.ShippingGame|Prospero.ActiveCfg = ShippingGame Prospero|x64
		{7CCE658F-689B-C09A-91B4-AE427DE0F528}.ShippingGame|Prospero.Build.0 = ShippingGame Prospero|x64
		{7CCE658F-689B-C09A-91B4-AE427DE0F528}.ShippingGame|Scorpio.ActiveCfg = ShippingGame Scorpio|Win32
		{7CCE658F-689B-C09A-91B4-AE427DE0F528}.ShippingGame|Scorpio.Build.0 = ShippingGame Scorpio|Win32
		{7CCE658F-689B-C09A-91B4-AE427DE0F528}.ShippingGame|Win32.ActiveCfg = ShippingGame Win32|x64
		{7CCE658F-689B-C09A-91B4-AE427DE0F528}.ShippingGame|Win32.Build.0 = ShippingGame Win32|x64
		{7CCE658F-689B-C09A-91B4-AE427DE0F528}.ShippingGame|Win64.ActiveCfg = ShippingGame Win64|x64
		{7CCE658F-689B-C09A-91B4-AE427DE0F528}.ShippingGame|Win64.Build.0 = ShippingGame Win64|x64
		{F4D4E73E-6095-6375-29D0-ACF2954FA851}.DebugEditor|Durango.ActiveCfg = DebugEditor Durango|Win32
		{F4D4E73E-6095-6375-29D0-ACF2954FA851}.DebugEditor|Durango.Build.0 = DebugEditor Durango|Win32
		{F4D4E73E-6095-6375-29D0-ACF2954FA851}.DebugEditor|Prospero.ActiveCfg = DebugEditor Prospero|x64
		{F4D4E73E-6095-6375-29D0-ACF2954FA851}.DebugEditor|Prospero.Build.0 = DebugEditor Prospero|x64
		{F4D4E73E-6095-6375-29D0-ACF2954FA851}.DebugEditor|Scorpio.ActiveCfg = DebugEditor Scorpio|Win32
		{F4D4E73E-6095-6375-29D0-ACF2954FA851}.DebugEditor|Scorpio.Build.0 = DebugEditor Scorpio|Win32
		{F4D4E73E-6095-6375-29D0-ACF2954FA851}.DebugEditor|Win32.ActiveCfg = DebugEditor Win32|x64
		{F4D4E73E-6095-6375-29D0-ACF2954FA851}.DebugEditor|Win32.Build.0 = DebugEditor Win32|x64
		{F4D4E73E-6095-6375-29D0-ACF2954FA851}.DebugEditor|Win64.ActiveCfg = DebugEditor Win64|x64
		{F4D4E73E-6095-6375-29D0-ACF2954FA851}.DebugEditor|Win64.Build.0 = DebugEditor Win64|x64
		{F4D4E73E-6095-6375-29D0-ACF2954FA851}.DebugGame|Durango.ActiveCfg = DebugGame Durango|Win32
		{F4D4E73E-6095-6375-29D0-ACF2954FA851}.DebugGame|Durango.Build.0 = DebugGame Durango|Win32
		{F4D4E73E-6095-6375-29D0-ACF2954FA851}.DebugGame|Prospero.ActiveCfg = DebugGame Prospero|x64
		{F4D4E73E-6095-6375-29D0-ACF2954FA851}.DebugGame|Prospero.Build.0 = DebugGame Prospero|x64
		{F4D4E73E-6095-6375-29D0-ACF2954FA851}.DebugGame|Scorpio.ActiveCfg = DebugGame Scorpio|Win32
		{F4D4E73E-6095-6375-29D0-ACF2954FA851}.DebugGame|Scorpio.Build.0 = DebugGame Scorpio|Win32
		{F4D4E73E-6095-6375-29D0-ACF2954FA851}.DebugGame|Win32.ActiveCfg = DebugGame Win32|x64
		{F4D4E73E-6095-6375-29D0-ACF2954FA851}.DebugGame|Win32.Build.0 = DebugGame Win32|x64
		{F4D4E73E-6095-6375-29D0-ACF2954FA851}.DebugGame|Win64.ActiveCfg = DebugGame Win64|x64
		{F4D4E73E-6095-6375-29D0-ACF2954FA851}.DebugGame|Win64.Build.0 = DebugGame Win64|x64
		{F4D4E73E-6095-6375-29D0-ACF2954FA851}.Development|Durango.ActiveCfg = Development Durango|Win32
		{F4D4E73E-6095-6375-29D0-ACF2954FA851}.Development|Durango.Build.0 = Development Durango|Win32
		{F4D4E73E-6095-6375-29D0-ACF2954FA851}.Development|Prospero.ActiveCfg = Development Prospero|x64
		{F4D4E73E-6095-6375-29D0-ACF2954FA851}.Development|Prospero.Build.0 = Development Prospero|x64
		{F4D4E73E-6095-6375-29D0-ACF2954FA851}.Development|Scorpio.ActiveCfg = Development Scorpio|Win32
		{F4D4E73E-6095-6375-29D0-ACF2954FA851}.Development|Scorpio.Build.0 = Development Scorpio|Win32
		{F4D4E73E-6095-6375-29D0-ACF2954FA851}.Development|Win32.ActiveCfg = Development Win32|x64
		{F4D4E73E-6095-6375-29D0-ACF2954FA851}.Development|Win32.Build.0 = Development Win32|x64
		{F4D4E73E-6095-6375-29D0-ACF2954FA851}.Development|Win64.ActiveCfg = Development Win64|x64
		{F4D4E73E-6095-6375-29D0-ACF2954FA851}.Development|Win64.Build.0 = Development Win64|x64
		{F4D4E73E-6095-6375-29D0-ACF2954FA851}.ShippingGame|Durango.ActiveCfg = ShippingGame Durango|Win32
		{F4D4E73E-6095-6375-29D0-ACF2954FA851}.ShippingGame|Durango.Build.0 = ShippingGame Durango|Win32
		{F4D4E73E-6095-6375-29D0-ACF2954FA851}.ShippingGame|Prospero.ActiveCfg = ShippingGame Prospero|x64
		{F4D4E73E-6095-6375-29D0-ACF2954FA851}.ShippingGame|Prospero.Build.0 = ShippingGame Prospero|x64
		{F4D4E73E-6095-6375-29D0-ACF2954FA851}.ShippingGame|Scorpio.ActiveCfg = ShippingGame Scorpio|Win32
		{F4D4E73E-6095-6375-29D0-ACF2954FA851}.ShippingGame|Scorpio.Build.0 = ShippingGame Scorpio|Win32
		{F4D4E73E-6095-6375-29D0-ACF2954FA851}.ShippingGame|Win32.ActiveCfg = ShippingGame Win32|x64
		{F4D4E73E-6095-6375-29D0-ACF2954FA851}.ShippingGame|Win32.Build.0 = ShippingGame Win32|x64
		{F4D4E73E-6095-6375-29D0-ACF2954FA851}.ShippingGame|Win64.ActiveCfg = ShippingGame Win64|x64
		{F4D4E73E-6095-6375-29D0-ACF2954FA851}.ShippingGame|Win64.Build.0 = ShippingGame Win64|x64
		{EFAC8DF2-5B8C-0C8E-64A4-9764D00273EF}.DebugEditor|Durango.ActiveCfg = DebugEditor Durango|Win32
		{EFAC8DF2-5B8C-0C8E-64A4-9764D00273EF}.DebugEditor|Durango.Build.0 = DebugEditor Durango|Win32
		{EFAC8DF2-5B8C-0C8E-64A4-9764D00273EF}.DebugEditor|Prospero.ActiveCfg = DebugEditor Prospero|x64
		{EFAC8DF2-5B8C-0C8E-64A4-9764D00273EF}.DebugEditor|Prospero.Build.0 = DebugEditor Prospero|x64
		{EFAC8DF2-5B8C-0C8E-64A4-9764D00273EF}.DebugEditor|Scorpio.ActiveCfg = DebugEditor Scorpio|Win32
		{EFAC8DF2-5B8C-0C8E-64A4-9764D00273EF}.DebugEditor|Scorpio.Build.0 = DebugEditor Scorpio|Win32
		{EFAC8DF2-5B8C-0C8E-64A4-9764D00273EF}.DebugEditor|Win32.ActiveCfg = DebugEditor Win32|x64
		{EFAC8DF2-5B8C-0C8E-64A4-9764D00273EF}.DebugEditor|Win32.Build.0 = DebugEditor Win32|x64
		{EFAC8DF2-5B8C-0C8E-64A4-9764D00273EF}.DebugEditor|Win64.ActiveCfg = DebugEditor Win64|x64
		{EFAC8DF2-5B8C-0C8E-64A4-9764D00273EF}.DebugEditor|Win64.Build.0 = DebugEditor Win64|x64
		{EFAC8DF2-5B8C-0C8E-64A4-9764D00273EF}.DebugGame|Durango.ActiveCfg = DebugGame Durango|Win32
		{EFAC8DF2-5B8C-0C8E-64A4-9764D00273EF}.DebugGame|Durango.Build.0 = DebugGame Durango|Win32
		{EFAC8DF2-5B8C-0C8E-64A4-9764D00273EF}.DebugGame|Prospero.ActiveCfg = DebugGame Prospero|x64
		{EFAC8DF2-5B8C-0C8E-64A4-9764D00273EF}.DebugGame|Prospero.Build.0 = DebugGame Prospero|x64
		{EFAC8DF2-5B8C-0C8E-64A4-9764D00273EF}.DebugGame|Scorpio.ActiveCfg = DebugGame Scorpio|Win32
		{EFAC8DF2-5B8C-0C8E-64A4-9764D00273EF}.DebugGame|Scorpio.Build.0 = DebugGame Scorpio|Win32
		{EFAC8DF2-5B8C-0C8E-64A4-9764D00273EF}.DebugGame|Win32.ActiveCfg = DebugGame Win32|x64
		{EFAC8DF2-5B8C-0C8E-64A4-9764D00273EF}.DebugGame|Win32.Build.0 = DebugGame Win32|x64
		{EFAC8DF2-5B8C-0C8E-64A4-9764D00273EF}.DebugGame|Win64.ActiveCfg = DebugGame Win64|x64
		{EFAC8DF2-5B8C-0C8E-64A4-9764D00273EF}.DebugGame|Win64.Build.0 = DebugGame Win64|x64
		{EFAC8DF2-5B8C-0C8E-64A4-9764D00273EF}.Development|Durango.ActiveCfg = Development Durango|Win32
		{EFAC8DF2-5B8C-0C8E-64A4-9764D00273EF}.Development|Durango.Build.0 = Development Durango|Win32
		{EFAC8DF2-5B8C-0C8E-64A4-9764D00273EF}.Development|Prospero.ActiveCfg = Development Prospero|x64
		{EFAC8DF2-5B8C-0C8E-64A4-9764D00273EF}.Development|Prospero.Build.0 = Development Prospero|x64
		{EFAC8DF2-5B8C-0C8E-64A4-9764D00273EF}.Development|Scorpio.ActiveCfg = Development Scorpio|Win32
		{EFAC8DF2-5B8C-0C8E-64A4-9764D00273EF}.Development|Scorpio.Build.0 = Development Scorpio|Win32
		{EFAC8DF2-5B8C-0C8E-64A4-9764D00273EF}.Development|Win32.ActiveCfg = Development Win32|x64
		{EFAC8DF2-5B8C-0C8E-64A4-9764D00273EF}.Development|Win32.Build.0 = Development Win32|x64
		{EFAC8DF2-5B8C-0C8E-64A4-9764D00273EF}.Development|Win64.ActiveCfg = Development Win64|x64
		{EFAC8DF2-5B8C-0C8E-64A4-9764D00273EF}.Development|Win64.Build.0 = Development Win64|x64
		{EFAC8DF2-5B8C-0C8E-64A4-9764D00273EF}.ShippingGame|Durango.ActiveCfg = ShippingGame Durango|Win32
		{EFAC8DF2-5B8C-0C8E-64A4-9764D00273EF}.ShippingGame|Durango.Build.0 = ShippingGame Durango|Win32
		{EFAC8DF2-5B8C-0C8E-64A4-9764D00273EF}.ShippingGame|Prospero.ActiveCfg = ShippingGame Prospero|x64
		{EFAC8DF2-5B8C-0C8E-64A4-9764D00273EF}.ShippingGame|Prospero.Build.0 = ShippingGame Prospero|x64
		{EFAC8DF2-5B8C-0C8E-64A4-9764D00273EF}.ShippingGame|Scorpio.ActiveCfg = ShippingGame Scorpio|Win32
		{EFAC8DF2-5B8C-0C8E-64A4-9764D00273EF}.ShippingGame|Scorpio.Build.0 = ShippingGame Scorpio|Win32
		{EFAC8DF2-5B8C-0C8E-64A4-9764D00273EF}.ShippingGame|Win32.ActiveCfg = ShippingGame Win32|x64
		{EFAC8DF2-5B8C-0C8E-64A4-9764D00273EF}.ShippingGame|Win32.Build.0 = ShippingGame Win32|x64
		{EFAC8DF2-5B8C-0C8E-64A4-9764D00273EF}.ShippingGame|Win64.ActiveCfg = ShippingGame Win64|x64
		{EFAC8DF2-5B8C-0C8E-64A4-9764D00273EF}.ShippingGame|Win64.Build.0 = ShippingGame Win64|x64
		{F8411ACB-64AC-CE41-ADEA-7FE71994AC96}.DebugEditor|Durango.ActiveCfg = DebugEditor Durango|Win32
		{F8411ACB-64AC-CE41-ADEA-7FE71994AC96}.DebugEditor|Durango.Build.0 = DebugEditor Durango|Win32
		{F8411ACB-64AC-CE41-ADEA-7FE71994AC96}.DebugEditor|Prospero.ActiveCfg = DebugEditor Prospero|x64
		{F8411ACB-64AC-CE41-ADEA-7FE71994AC96}.DebugEditor|Prospero.Build.0 = DebugEditor Prospero|x64
		{F8411ACB-64AC-CE41-ADEA-7FE71994AC96}.DebugEditor|Scorpio.ActiveCfg = DebugEditor Scorpio|Win32
		{F8411ACB-64AC-CE41-ADEA-7FE71994AC96}.DebugEditor|Scorpio.Build.0 = DebugEditor Scorpio|Win32
		{F8411ACB-64AC-CE41-ADEA-7FE71994AC96}.DebugEditor|Win32.ActiveCfg = DebugEditor Win32|x64
		{F8411ACB-64AC-CE41-ADEA-7FE71994AC96}.DebugEditor|Win32.Build.0 = DebugEditor Win32|x64
		{F8411ACB-64AC-CE41-ADEA-7FE71994AC96}.DebugEditor|Win64.ActiveCfg = DebugEditor Win64|x64
		{F8411ACB-64AC-CE41-ADEA-7FE71994AC96}.DebugEditor|Win64.Build.0 = DebugEditor Win64|x64
		{F8411ACB-64AC-CE41-ADEA-7FE71994AC96}.DebugGame|Durango.ActiveCfg = DebugGame Durango|Win32
		{F8411ACB-64AC-CE41-ADEA-7FE71994AC96}.DebugGame|Durango.Build.0 = DebugGame Durango|Win32
		{F8411ACB-64AC-CE41-ADEA-7FE71994AC96}.DebugGame|Prospero.ActiveCfg = DebugGame Prospero|x64
		{F8411ACB-64AC-CE41-ADEA-7FE71994AC96}.DebugGame|Prospero.Build.0 = DebugGame Prospero|x64
		{F8411ACB-64AC-CE41-ADEA-7FE71994AC96}.DebugGame|Scorpio.ActiveCfg = DebugGame Scorpio|Win32
		{F8411ACB-64AC-CE41-ADEA-7FE71994AC96}.DebugGame|Scorpio.Build.0 = DebugGame Scorpio|Win32
		{F8411ACB-64AC-CE41-ADEA-7FE71994AC96}.DebugGame|Win32.ActiveCfg = DebugGame Win32|x64
		{F8411ACB-64AC-CE41-ADEA-7FE71994AC96}.DebugGame|Win32.Build.0 = DebugGame Win32|x64
		{F8411ACB-64AC-CE41-ADEA-7FE71994AC96}.DebugGame|Win64.ActiveCfg = DebugGame Win64|x64
		{F8411ACB-64AC-CE41-ADEA-7FE71994AC96}.DebugGame|Win64.Build.0 = DebugGame Win64|x64
		{F8411ACB-64AC-CE41-ADEA-7FE71994AC96}.Development|Durango.ActiveCfg = Development Durango|Win32
		{F8411ACB-64AC-CE41-ADEA-7FE71994AC96}.Development|Durango.Build.0 = Development Durango|Win32
		{F8411ACB-64AC-CE41-ADEA-7FE71994AC96}.Development|Prospero.ActiveCfg = Development Prospero|x64
		{F8411ACB-64AC-CE41-ADEA-7FE71994AC96}.Development|Prospero.Build.0 = Development Prospero|x64
		{F8411ACB-64AC-CE41-ADEA-7FE71994AC96}.Development|Scorpio.ActiveCfg = Development Scorpio|Win32
		{F8411ACB-64AC-CE41-ADEA-7FE71994AC96}.Development|Scorpio.Build.0 = Development Scorpio|Win32
		{F8411ACB-64AC-CE41-ADEA-7FE71994AC96}.Development|Win32.ActiveCfg = Development Win32|x64
		{F8411ACB-64AC-CE41-ADEA-7FE71994AC96}.Development|Win32.Build.0 = Development Win32|x64
		{F8411ACB-64AC-CE41-ADEA-7FE71994AC96}.Development|Win64.ActiveCfg = Development Win64|x64
		{F8411ACB-64AC-CE41-ADEA-7FE71994AC96}.Development|Win64.Build.0 = Development Win64|x64
		{F8411ACB-64AC-CE41-ADEA-7FE71994AC96}.ShippingGame|Durango.ActiveCfg = ShippingGame Durango|Win32
		{F8411ACB-64AC-CE41-ADEA-7FE71994AC96}.ShippingGame|Durango.Build.0 = ShippingGame Durango|Win32
		{F8411ACB-64AC-CE41-ADEA-7FE71994AC96}.ShippingGame|Prospero.ActiveCfg = ShippingGame Prospero|x64
		{F8411ACB-64AC-CE41-ADEA-7FE71994AC96}.ShippingGame|Prospero.Build.0 = ShippingGame Prospero|x64
		{F8411ACB-64AC-CE41-ADEA-7FE71994AC96}.ShippingGame|Scorpio.ActiveCfg = ShippingGame Scorpio|Win32
		{F8411ACB-64AC-CE41-ADEA-7FE71994AC96}.ShippingGame|Scorpio.Build.0 = ShippingGame Scorpio|Win32
		{F8411ACB-64AC-CE41-ADEA-7FE71994AC96}.ShippingGame|Win32.ActiveCfg = ShippingGame Win32|x64
		{F8411ACB-64AC-CE41-ADEA-7FE71994AC96}.ShippingGame|Win32.Build.0 = ShippingGame Win32|x64
		{F8411ACB-64AC-CE41-ADEA-7FE71994AC96}.ShippingGame|Win64.ActiveCfg = ShippingGame Win64|x64
		{F8411ACB-64AC-CE41-ADEA-7FE71994AC96}.ShippingGame|Win64.Build.0 = ShippingGame Win64|x64
	EndGlobalSection
	GlobalSection(SolutionProperties) = preSolution
		HideSolutionNode = FALSE
	EndGlobalSection
	GlobalSection(NestedProjects) = preSolution
		{28AD979D-948C-1639-9DA4-A10F09037D9A} = {339C0AE1-1FFF-9985-C884-D23BB4C66508}
		{2EB4837C-1AEB-840D-C3D7-6A10AFED000F} = {65CB7E83-D18B-FAB9-9AC6-433706463F96}
		{AFF4887C-9B2B-8A0D-4418-7010302E060F} = {65CB7E83-D18B-FAB9-9AC6-433706463F96}
		{888B590D-F46A-D8A8-FD82-637F69E13E0A} = {65CB7E83-D18B-FAB9-9AC6-433706463F96}
		{7CCE658F-689B-C09A-91B4-AE427DE0F528} = {65CB7E83-D18B-FAB9-9AC6-433706463F96}
		{F4D4E73E-6095-6375-29D0-ACF2954FA851} = {B70DBBB7-A3DB-AEBD-8C6F-1FE478DC8A22}
	EndGlobalSection
EndGlobal
