
Microsoft Visual Studio Solution File, Format Version 12.00
# Visual Studio Version 16
Project("{8BC9CEB8-8B4A-11D0-8D11-00A0C91BC942}") = "Engine", "Engine\Source\Runtime\Engine\Engine.vcxproj", "{DBC7D3B0-C769-FE86-B024-12DB9C6585D7}"
EndProject
Project("{2150E333-8FDC-42A3-9474-1A3956D46DE8}") = "Editor", "Editor", "{339C0AE1-1FFF-9985-C884-D23BB4C66508}"
EndProject
Project("{8BC9CEB8-8B4A-11D0-8D11-00A0C91BC942}") = "HelixEd", "Engine\Source\Editor\HelixEd\HelixEd.vcxproj", "{28AD979D-948C-1639-9DA4-A10F09037D9A}"
EndProject
Project("{2150E333-8FDC-42A3-9474-1A3956D46DE8}") = "Modules", "Modules", "{65CB7E83-D18B-FAB9-9AC6-433706463F96}"
EndProject
Project("{8BC9CEB8-8B4A-11D0-8D11-00A0C91BC942}") = "Core", "Engine\Source\Runtime\Core\Core.vcxproj", "{2EB4837C-1AEB-840D-C3D7-6A10AFED000F}"
EndProject
Project("{8BC9CEB8-8B4A-11D0-8D11-00A0C91BC942}") = "Math", "Engine\Source\Runtime\Math\Math.vcxproj", "{AFF4887C-9B2B-8A0D-4418-7010302E060F}"
EndProject
Project("{8BC9CEB8-8B4A-11D0-8D11-00A0C91BC942}") = "Renderer", "Engine\Source\Runtime\Renderer\Renderer.vcxproj", "{7CCE658F-689B-C09A-91B4-AE427DE0F528}"
EndProject
Project("{2150E333-8FDC-42A3-9474-1A3956D46DE8}") = "Programs", "Programs", "{B70DBBB7-A3DB-AEBD-8C6F-1FE478DC8A22}"
EndProject
Project("{8BC9CEB8-8B4A-11D0-8D11-00A0C91BC942}") = "PackageCooker", "Engine\Source\Editor\PackageCooker\PackageCooker.vcxproj", "{F4D4E73E-6095-6375-29D0-ACF2954FA851}"
EndProject
Project("{8BC9CEB8-8B4A-11D0-8D11-00A0C91BC942}") = "Shaders", "Engine\Shaders\Shaders.vcxproj", "{EFAC8DF2-5B8C-0C8E-64A4-9764D00273EF}"
EndProject
Project("{8BC9CEB8-8B4A-11D0-8D11-00A0C91BC942}") = "UnitTests", "Engine\Source\UnitTests\UnitTests.vcxproj", "{F8411ACB-64AC-CE41-ADEA-7FE71994AC96}"
EndProject
Global
	GlobalSection(SolutionConfigurationPlatforms) = preSolution
		DebugEditor|PlayStation5 = DebugEditor|PlayStation5
		DebugEditor|Win32 = DebugEditor|Win32
		DebugEditor|Win64 = DebugEditor|Win64
		DebugEditor|XboxOne = DebugEditor|XboxOne
		DebugEditor|XboxOneX = DebugEditor|XboxOneX
		DebugGame|PlayStation5 = DebugGame|PlayStation5
		DebugGame|Win32 = DebugGame|Win32
		DebugGame|Win64 = DebugGame|Win64
		DebugGame|XboxOne = DebugGame|XboxOne
		DebugGame|XboxOneX = DebugGame|XboxOneX
		Development|PlayStation5 = Development|PlayStation5
		Development|Win32 = Development|Win32
		Development|Win64 = Development|Win64
		Development|XboxOne = Development|XboxOne
		Development|XboxOneX = Development|XboxOneX
		ShippingGame|PlayStation5 = ShippingGame|PlayStation5
		ShippingGame|Win32 = ShippingGame|Win32
		ShippingGame|Win64 = ShippingGame|Win64
		ShippingGame|XboxOne = ShippingGame|XboxOne
		ShippingGame|XboxOneX = ShippingGame|XboxOneX
	EndGlobalSection
	GlobalSection(ProjectConfigurationPlatforms) = postSolution
		{DBC7D3B0-C769-FE86-B024-12DB9C6585D7}.DebugEditor|PlayStation5.ActiveCfg = DebugEditor PlayStation5|x64
		{DBC7D3B0-C769-FE86-B024-12DB9C6585D7}.DebugEditor|PlayStation5.Build.0 = DebugEditor PlayStation5|x64
		{DBC7D3B0-C769-FE86-B024-12DB9C6585D7}.DebugEditor|Win32.ActiveCfg = DebugEditor Win32|x64
		{DBC7D3B0-C769-FE86-B024-12DB9C6585D7}.DebugEditor|Win32.Build.0 = DebugEditor Win32|x64
		{DBC7D3B0-C769-FE86-B024-12DB9C6585D7}.DebugEditor|Win64.ActiveCfg = DebugEditor Win64|x64
		{DBC7D3B0-C769-FE86-B024-12DB9C6585D7}.DebugEditor|Win64.Build.0 = DebugEditor Win64|x64
		{DBC7D3B0-C769-FE86-B024-12DB9C6585D7}.DebugEditor|XboxOne.ActiveCfg = DebugEditor XboxOne|Win32
		{DBC7D3B0-C769-FE86-B024-12DB9C6585D7}.DebugEditor|XboxOne.Build.0 = DebugEditor XboxOne|Win32
		{DBC7D3B0-C769-FE86-B024-12DB9C6585D7}.DebugEditor|XboxOneX.ActiveCfg = DebugEditor XboxOneX|Win32
		{DBC7D3B0-C769-FE86-B024-12DB9C6585D7}.DebugEditor|XboxOneX.Build.0 = DebugEditor XboxOneX|Win32
		{DBC7D3B0-C769-FE86-B024-12DB9C6585D7}.DebugGame|PlayStation5.ActiveCfg = DebugGame PlayStation5|x64
		{DBC7D3B0-C769-FE86-B024-12DB9C6585D7}.DebugGame|PlayStation5.Build.0 = DebugGame PlayStation5|x64
		{DBC7D3B0-C769-FE86-B024-12DB9C6585D7}.DebugGame|Win32.ActiveCfg = DebugGame Win32|x64
		{DBC7D3B0-C769-FE86-B024-12DB9C6585D7}.DebugGame|Win32.Build.0 = DebugGame Win32|x64
		{DBC7D3B0-C769-FE86-B024-12DB9C6585D7}.DebugGame|Win64.ActiveCfg = DebugGame Win64|x64
		{DBC7D3B0-C769-FE86-B024-12DB9C6585D7}.DebugGame|Win64.Build.0 = DebugGame Win64|x64
		{DBC7D3B0-C769-FE86-B024-12DB9C6585D7}.DebugGame|XboxOne.ActiveCfg = DebugGame XboxOne|Win32
		{DBC7D3B0-C769-FE86-B024-12DB9C6585D7}.DebugGame|XboxOne.Build.0 = DebugGame XboxOne|Win32
		{DBC7D3B0-C769-FE86-B024-12DB9C6585D7}.DebugGame|XboxOneX.ActiveCfg = DebugGame XboxOneX|Win32
		{DBC7D3B0-C769-FE86-B024-12DB9C6585D7}.DebugGame|XboxOneX.Build.0 = DebugGame XboxOneX|Win32
		{DBC7D3B0-C769-FE86-B024-12DB9C6585D7}.Development|PlayStation5.ActiveCfg = Development PlayStation5|x64
		{DBC7D3B0-C769-FE86-B024-12DB9C6585D7}.Development|PlayStation5.Build.0 = Development PlayStation5|x64
		{DBC7D3B0-C769-FE86-B024-12DB9C6585D7}.Development|Win32.ActiveCfg = Development Win32|x64
		{DBC7D3B0-C769-FE86-B024-12DB9C6585D7}.Development|Win32.Build.0 = Development Win32|x64
		{DBC7D3B0-C769-FE86-B024-12DB9C6585D7}.Development|Win64.ActiveCfg = Development Win64|x64
		{DBC7D3B0-C769-FE86-B024-12DB9C6585D7}.Development|Win64.Build.0 = Development Win64|x64
		{DBC7D3B0-C769-FE86-B024-12DB9C6585D7}.Development|XboxOne.ActiveCfg = Development XboxOne|Win32
		{DBC7D3B0-C769-FE86-B024-12DB9C6585D7}.Development|XboxOne.Build.0 = Development XboxOne|Win32
		{DBC7D3B0-C769-FE86-B024-12DB9C6585D7}.Development|XboxOneX.ActiveCfg = Development XboxOneX|Win32
		{DBC7D3B0-C769-FE86-B024-12DB9C6585D7}.Development|XboxOneX.Build.0 = Development XboxOneX|Win32
		{DBC7D3B0-C769-FE86-B024-12DB9C6585D7}.ShippingGame|PlayStation5.ActiveCfg = ShippingGame PlayStation5|x64
		{DBC7D3B0-C769-FE86-B024-12DB9C6585D7}.ShippingGame|PlayStation5.Build.0 = ShippingGame PlayStation5|x64
		{DBC7D3B0-C769-FE86-B024-12DB9C6585D7}.ShippingGame|Win32.ActiveCfg = ShippingGame Win32|x64
		{DBC7D3B0-C769-FE86-B024-12DB9C6585D7}.ShippingGame|Win32.Build.0 = ShippingGame Win32|x64
		{DBC7D3B0-C769-FE86-B024-12DB9C6585D7}.ShippingGame|Win64.ActiveCfg = ShippingGame Win64|x64
		{DBC7D3B0-C769-FE86-B024-12DB9C6585D7}.ShippingGame|Win64.Build.0 = ShippingGame Win64|x64
		{DBC7D3B0-C769-FE86-B024-12DB9C6585D7}.ShippingGame|XboxOne.ActiveCfg = ShippingGame XboxOne|Win32
		{DBC7D3B0-C769-FE86-B024-12DB9C6585D7}.ShippingGame|XboxOne.Build.0 = ShippingGame XboxOne|Win32
		{DBC7D3B0-C769-FE86-B024-12DB9C6585D7}.ShippingGame|XboxOneX.ActiveCfg = ShippingGame XboxOneX|Win32
		{DBC7D3B0-C769-FE86-B024-12DB9C6585D7}.ShippingGame|XboxOneX.Build.0 = ShippingGame XboxOneX|Win32
		{28AD979D-948C-1639-9DA4-A10F09037D9A}.DebugEditor|PlayStation5.ActiveCfg = DebugEditor PlayStation5|x64
		{28AD979D-948C-1639-9DA4-A10F09037D9A}.DebugEditor|PlayStation5.Build.0 = DebugEditor PlayStation5|x64
		{28AD979D-948C-1639-9DA4-A10F09037D9A}.DebugEditor|Win32.ActiveCfg = DebugEditor Win32|x64
		{28AD979D-948C-1639-9DA4-A10F09037D9A}.DebugEditor|Win32.Build.0 = DebugEditor Win32|x64
		{28AD979D-948C-1639-9DA4-A10F09037D9A}.DebugEditor|Win64.ActiveCfg = DebugEditor Win64|x64
		{28AD979D-948C-1639-9DA4-A10F09037D9A}.DebugEditor|Win64.Build.0 = DebugEditor Win64|x64
		{28AD979D-948C-1639-9DA4-A10F09037D9A}.DebugEditor|XboxOne.ActiveCfg = DebugEditor XboxOne|Win32
		{28AD979D-948C-1639-9DA4-A10F09037D9A}.DebugEditor|XboxOne.Build.0 = DebugEditor XboxOne|Win32
		{28AD979D-948C-1639-9DA4-A10F09037D9A}.DebugEditor|XboxOneX.ActiveCfg = DebugEditor XboxOneX|Win32
		{28AD979D-948C-1639-9DA4-A10F09037D9A}.DebugEditor|XboxOneX.Build.0 = DebugEditor XboxOneX|Win32
		{28AD979D-948C-1639-9DA4-A10F09037D9A}.DebugGame|PlayStation5.ActiveCfg = DebugGame PlayStation5|x64
		{28AD979D-948C-1639-9DA4-A10F09037D9A}.DebugGame|PlayStation5.Build.0 = DebugGame PlayStation5|x64
		{28AD979D-948C-1639-9DA4-A10F09037D9A}.DebugGame|Win32.ActiveCfg = DebugGame Win32|x64
		{28AD979D-948C-1639-9DA4-A10F09037D9A}.DebugGame|Win32.Build.0 = DebugGame Win32|x64
		{28AD979D-948C-1639-9DA4-A10F09037D9A}.DebugGame|Win64.ActiveCfg = DebugGame Win64|x64
		{28AD979D-948C-1639-9DA4-A10F09037D9A}.DebugGame|Win64.Build.0 = DebugGame Win64|x64
		{28AD979D-948C-1639-9DA4-A10F09037D9A}.DebugGame|XboxOne.ActiveCfg = DebugGame XboxOne|Win32
		{28AD979D-948C-1639-9DA4-A10F09037D9A}.DebugGame|XboxOne.Build.0 = DebugGame XboxOne|Win32
		{28AD979D-948C-1639-9DA4-A10F09037D9A}.DebugGame|XboxOneX.ActiveCfg = DebugGame XboxOneX|Win32
		{28AD979D-948C-1639-9DA4-A10F09037D9A}.DebugGame|XboxOneX.Build.0 = DebugGame XboxOneX|Win32
		{28AD979D-948C-1639-9DA4-A10F09037D9A}.Development|PlayStation5.ActiveCfg = Development PlayStation5|x64
		{28AD979D-948C-1639-9DA4-A10F09037D9A}.Development|PlayStation5.Build.0 = Development PlayStation5|x64
		{28AD979D-948C-1639-9DA4-A10F09037D9A}.Development|Win32.ActiveCfg = Development Win32|x64
		{28AD979D-948C-1639-9DA4-A10F09037D9A}.Development|Win32.Build.0 = Development Win32|x64
		{28AD979D-948C-1639-9DA4-A10F09037D9A}.Development|Win64.ActiveCfg = Development Win64|x64
		{28AD979D-948C-1639-9DA4-A10F09037D9A}.Development|Win64.Build.0 = Development Win64|x64
		{28AD979D-948C-1639-9DA4-A10F09037D9A}.Development|XboxOne.ActiveCfg = Development XboxOne|Win32
		{28AD979D-948C-1639-9DA4-A10F09037D9A}.Development|XboxOne.Build.0 = Development XboxOne|Win32
		{28AD979D-948C-1639-9DA4-A10F09037D9A}.Development|XboxOneX.ActiveCfg = Development XboxOneX|Win32
		{28AD979D-948C-1639-9DA4-A10F09037D9A}.Development|XboxOneX.Build.0 = Development XboxOneX|Win32
		{28AD979D-948C-1639-9DA4-A10F09037D9A}.ShippingGame|PlayStation5.ActiveCfg = ShippingGame PlayStation5|x64
		{28AD979D-948C-1639-9DA4-A10F09037D9A}.ShippingGame|PlayStation5.Build.0 = ShippingGame PlayStation5|x64
		{28AD979D-948C-1639-9DA4-A10F09037D9A}.ShippingGame|Win32.ActiveCfg = ShippingGame Win32|x64
		{28AD979D-948C-1639-9DA4-A10F09037D9A}.ShippingGame|Win32.Build.0 = ShippingGame Win32|x64
		{28AD979D-948C-1639-9DA4-A10F09037D9A}.ShippingGame|Win64.ActiveCfg = ShippingGame Win64|x64
		{28AD979D-948C-1639-9DA4-A10F09037D9A}.ShippingGame|Win64.Build.0 = ShippingGame Win64|x64
		{28AD979D-948C-1639-9DA4-A10F09037D9A}.ShippingGame|XboxOne.ActiveCfg = ShippingGame XboxOne|Win32
		{28AD979D-948C-1639-9DA4-A10F09037D9A}.ShippingGame|XboxOne.Build.0 = ShippingGame XboxOne|Win32
		{28AD979D-948C-1639-9DA4-A10F09037D9A}.ShippingGame|XboxOneX.ActiveCfg = ShippingGame XboxOneX|Win32
		{28AD979D-948C-1639-9DA4-A10F09037D9A}.ShippingGame|XboxOneX.Build.0 = ShippingGame XboxOneX|Win32
		{2EB4837C-1AEB-840D-C3D7-6A10AFED000F}.DebugEditor|PlayStation5.ActiveCfg = DebugEditor PlayStation5|x64
		{2EB4837C-1AEB-840D-C3D7-6A10AFED000F}.DebugEditor|PlayStation5.Build.0 = DebugEditor PlayStation5|x64
		{2EB4837C-1AEB-840D-C3D7-6A10AFED000F}.DebugEditor|Win32.ActiveCfg = DebugEditor Win32|x64
		{2EB4837C-1AEB-840D-C3D7-6A10AFED000F}.DebugEditor|Win32.Build.0 = DebugEditor Win32|x64
		{2EB4837C-1AEB-840D-C3D7-6A10AFED000F}.DebugEditor|Win64.ActiveCfg = DebugEditor Win64|x64
		{2EB4837C-1AEB-840D-C3D7-6A10AFED000F}.DebugEditor|Win64.Build.0 = DebugEditor Win64|x64
		{2EB4837C-1AEB-840D-C3D7-6A10AFED000F}.DebugEditor|XboxOne.ActiveCfg = DebugEditor XboxOne|Win32
		{2EB4837C-1AEB-840D-C3D7-6A10AFED000F}.DebugEditor|XboxOne.Build.0 = DebugEditor XboxOne|Win32
		{2EB4837C-1AEB-840D-C3D7-6A10AFED000F}.DebugEditor|XboxOneX.ActiveCfg = DebugEditor XboxOneX|Win32
		{2EB4837C-1AEB-840D-C3D7-6A10AFED000F}.DebugEditor|XboxOneX.Build.0 = DebugEditor XboxOneX|Win32
		{2EB4837C-1AEB-840D-C3D7-6A10AFED000F}.DebugGame|PlayStation5.ActiveCfg = DebugGame PlayStation5|x64
		{2EB4837C-1AEB-840D-C3D7-6A10AFED000F}.DebugGame|PlayStation5.Build.0 = DebugGame PlayStation5|x64
		{2EB4837C-1AEB-840D-C3D7-6A10AFED000F}.DebugGame|Win32.ActiveCfg = DebugGame Win32|x64
		{2EB4837C-1AEB-840D-C3D7-6A10AFED000F}.DebugGame|Win32.Build.0 = DebugGame Win32|x64
		{2EB4837C-1AEB-840D-C3D7-6A10AFED000F}.DebugGame|Win64.ActiveCfg = DebugGame Win64|x64
		{2EB4837C-1AEB-840D-C3D7-6A10AFED000F}.DebugGame|Win64.Build.0 = DebugGame Win64|x64
		{2EB4837C-1AEB-840D-C3D7-6A10AFED000F}.DebugGame|XboxOne.ActiveCfg = DebugGame XboxOne|Win32
		{2EB4837C-1AEB-840D-C3D7-6A10AFED000F}.DebugGame|XboxOne.Build.0 = DebugGame XboxOne|Win32
		{2EB4837C-1AEB-840D-C3D7-6A10AFED000F}.DebugGame|XboxOneX.ActiveCfg = DebugGame XboxOneX|Win32
		{2EB4837C-1AEB-840D-C3D7-6A10AFED000F}.DebugGame|XboxOneX.Build.0 = DebugGame XboxOneX|Win32
		{2EB4837C-1AEB-840D-C3D7-6A10AFED000F}.Development|PlayStation5.ActiveCfg = Development PlayStation5|x64
		{2EB4837C-1AEB-840D-C3D7-6A10AFED000F}.Development|PlayStation5.Build.0 = Development PlayStation5|x64
		{2EB4837C-1AEB-840D-C3D7-6A10AFED000F}.Development|Win32.ActiveCfg = Development Win32|x64
		{2EB4837C-1AEB-840D-C3D7-6A10AFED000F}.Development|Win32.Build.0 = Development Win32|x64
		{2EB4837C-1AEB-840D-C3D7-6A10AFED000F}.Development|Win64.ActiveCfg = Development Win64|x64
		{2EB4837C-1AEB-840D-C3D7-6A10AFED000F}.Development|Win64.Build.0 = Development Win64|x64
		{2EB4837C-1AEB-840D-C3D7-6A10AFED000F}.Development|XboxOne.ActiveCfg = Development XboxOne|Win32
		{2EB4837C-1AEB-840D-C3D7-6A10AFED000F}.Development|XboxOne.Build.0 = Development XboxOne|Win32
		{2EB4837C-1AEB-840D-C3D7-6A10AFED000F}.Development|XboxOneX.ActiveCfg = Development XboxOneX|Win32
		{2EB4837C-1AEB-840D-C3D7-6A10AFED000F}.Development|XboxOneX.Build.0 = Development XboxOneX|Win32
		{2EB4837C-1AEB-840D-C3D7-6A10AFED000F}.ShippingGame|PlayStation5.ActiveCfg = ShippingGame PlayStation5|x64
		{2EB4837C-1AEB-840D-C3D7-6A10AFED000F}.ShippingGame|PlayStation5.Build.0 = ShippingGame PlayStation5|x64
		{2EB4837C-1AEB-840D-C3D7-6A10AFED000F}.ShippingGame|Win32.ActiveCfg = ShippingGame Win32|x64
		{2EB4837C-1AEB-840D-C3D7-6A10AFED000F}.ShippingGame|Win32.Build.0 = ShippingGame Win32|x64
		{2EB4837C-1AEB-840D-C3D7-6A10AFED000F}.ShippingGame|Win64.ActiveCfg = ShippingGame Win64|x64
		{2EB4837C-1AEB-840D-C3D7-6A10AFED000F}.ShippingGame|Win64.Build.0 = ShippingGame Win64|x64
		{2EB4837C-1AEB-840D-C3D7-6A10AFED000F}.ShippingGame|XboxOne.ActiveCfg = ShippingGame XboxOne|Win32
		{2EB4837C-1AEB-840D-C3D7-6A10AFED000F}.ShippingGame|XboxOne.Build.0 = ShippingGame XboxOne|Win32
		{2EB4837C-1AEB-840D-C3D7-6A10AFED000F}.ShippingGame|XboxOneX.ActiveCfg = ShippingGame XboxOneX|Win32
		{2EB4837C-1AEB-840D-C3D7-6A10AFED000F}.ShippingGame|XboxOneX.Build.0 = ShippingGame XboxOneX|Win32
		{AFF4887C-9B2B-8A0D-4418-7010302E060F}.DebugEditor|PlayStation5.ActiveCfg = DebugEditor PlayStation5|x64
		{AFF4887C-9B2B-8A0D-4418-7010302E060F}.DebugEditor|PlayStation5.Build.0 = DebugEditor PlayStation5|x64
		{AFF4887C-9B2B-8A0D-4418-7010302E060F}.DebugEditor|Win32.ActiveCfg = DebugEditor Win32|x64
		{AFF4887C-9B2B-8A0D-4418-7010302E060F}.DebugEditor|Win32.Build.0 = DebugEditor Win32|x64
		{AFF4887C-9B2B-8A0D-4418-7010302E060F}.DebugEditor|Win64.ActiveCfg = DebugEditor Win64|x64
		{AFF4887C-9B2B-8A0D-4418-7010302E060F}.DebugEditor|Win64.Build.0 = DebugEditor Win64|x64
		{AFF4887C-9B2B-8A0D-4418-7010302E060F}.DebugEditor|XboxOne.ActiveCfg = DebugEditor XboxOne|Win32
		{AFF4887C-9B2B-8A0D-4418-7010302E060F}.DebugEditor|XboxOne.Build.0 = DebugEditor XboxOne|Win32
		{AFF4887C-9B2B-8A0D-4418-7010302E060F}.DebugEditor|XboxOneX.ActiveCfg = DebugEditor XboxOneX|Win32
		{AFF4887C-9B2B-8A0D-4418-7010302E060F}.DebugEditor|XboxOneX.Build.0 = DebugEditor XboxOneX|Win32
		{AFF4887C-9B2B-8A0D-4418-7010302E060F}.DebugGame|PlayStation5.ActiveCfg = DebugGame PlayStation5|x64
		{AFF4887C-9B2B-8A0D-4418-7010302E060F}.DebugGame|PlayStation5.Build.0 = DebugGame PlayStation5|x64
		{AFF4887C-9B2B-8A0D-4418-7010302E060F}.DebugGame|Win32.ActiveCfg = DebugGame Win32|x64
		{AFF4887C-9B2B-8A0D-4418-7010302E060F}.DebugGame|Win32.Build.0 = DebugGame Win32|x64
		{AFF4887C-9B2B-8A0D-4418-7010302E060F}.DebugGame|Win64.ActiveCfg = DebugGame Win64|x64
		{AFF4887C-9B2B-8A0D-4418-7010302E060F}.DebugGame|Win64.Build.0 = DebugGame Win64|x64
		{AFF4887C-9B2B-8A0D-4418-7010302E060F}.DebugGame|XboxOne.ActiveCfg = DebugGame XboxOne|Win32
		{AFF4887C-9B2B-8A0D-4418-7010302E060F}.DebugGame|XboxOne.Build.0 = DebugGame XboxOne|Win32
		{AFF4887C-9B2B-8A0D-4418-7010302E060F}.DebugGame|XboxOneX.ActiveCfg = DebugGame XboxOneX|Win32
		{AFF4887C-9B2B-8A0D-4418-7010302E060F}.DebugGame|XboxOneX.Build.0 = DebugGame XboxOneX|Win32
		{AFF4887C-9B2B-8A0D-4418-7010302E060F}.Development|PlayStation5.ActiveCfg = Development PlayStation5|x64
		{AFF4887C-9B2B-8A0D-4418-7010302E060F}.Development|PlayStation5.Build.0 = Development PlayStation5|x64
		{AFF4887C-9B2B-8A0D-4418-7010302E060F}.Development|Win32.ActiveCfg = Development Win32|x64
		{AFF4887C-9B2B-8A0D-4418-7010302E060F}.Development|Win32.Build.0 = Development Win32|x64
		{AFF4887C-9B2B-8A0D-4418-7010302E060F}.Development|Win64.ActiveCfg = Development Win64|x64
		{AFF4887C-9B2B-8A0D-4418-7010302E060F}.Development|Win64.Build.0 = Development Win64|x64
		{AFF4887C-9B2B-8A0D-4418-7010302E060F}.Development|XboxOne.ActiveCfg = Development XboxOne|Win32
		{AFF4887C-9B2B-8A0D-4418-7010302E060F}.Development|XboxOne.Build.0 = Development XboxOne|Win32
		{AFF4887C-9B2B-8A0D-4418-7010302E060F}.Development|XboxOneX.ActiveCfg = Development XboxOneX|Win32
		{AFF4887C-9B2B-8A0D-4418-7010302E060F}.Development|XboxOneX.Build.0 = Development XboxOneX|Win32
		{AFF4887C-9B2B-8A0D-4418-7010302E060F}.ShippingGame|PlayStation5.ActiveCfg = ShippingGame PlayStation5|x64
		{AFF4887C-9B2B-8A0D-4418-7010302E060F}.ShippingGame|PlayStation5.Build.0 = ShippingGame PlayStation5|x64
		{AFF4887C-9B2B-8A0D-4418-7010302E060F}.ShippingGame|Win32.ActiveCfg = ShippingGame Win32|x64
		{AFF4887C-9B2B-8A0D-4418-7010302E060F}.ShippingGame|Win32.Build.0 = ShippingGame Win32|x64
		{AFF4887C-9B2B-8A0D-4418-7010302E060F}.ShippingGame|Win64.ActiveCfg = ShippingGame Win64|x64
		{AFF4887C-9B2B-8A0D-4418-7010302E060F}.ShippingGame|Win64.Build.0 = ShippingGame Win64|x64
		{AFF4887C-9B2B-8A0D-4418-7010302E060F}.ShippingGame|XboxOne.ActiveCfg = ShippingGame XboxOne|Win32
		{AFF4887C-9B2B-8A0D-4418-7010302E060F}.ShippingGame|XboxOne.Build.0 = ShippingGame XboxOne|Win32
		{AFF4887C-9B2B-8A0D-4418-7010302E060F}.ShippingGame|XboxOneX.ActiveCfg = ShippingGame XboxOneX|Win32
		{AFF4887C-9B2B-8A0D-4418-7010302E060F}.ShippingGame|XboxOneX.Build.0 = ShippingGame XboxOneX|Win32
		{7CCE658F-689B-C09A-91B4-AE427DE0F528}.DebugEditor|PlayStation5.ActiveCfg = DebugEditor PlayStation5|x64
		{7CCE658F-689B-C09A-91B4-AE427DE0F528}.DebugEditor|PlayStation5.Build.0 = DebugEditor PlayStation5|x64
		{7CCE658F-689B-C09A-91B4-AE427DE0F528}.DebugEditor|Win32.ActiveCfg = DebugEditor Win32|x64
		{7CCE658F-689B-C09A-91B4-AE427DE0F528}.DebugEditor|Win32.Build.0 = DebugEditor Win32|x64
		{7CCE658F-689B-C09A-91B4-AE427DE0F528}.DebugEditor|Win64.ActiveCfg = DebugEditor Win64|x64
		{7CCE658F-689B-C09A-91B4-AE427DE0F528}.DebugEditor|Win64.Build.0 = DebugEditor Win64|x64
		{7CCE658F-689B-C09A-91B4-AE427DE0F528}.DebugEditor|XboxOne.ActiveCfg = DebugEditor XboxOne|Win32
		{7CCE658F-689B-C09A-91B4-AE427DE0F528}.DebugEditor|XboxOne.Build.0 = DebugEditor XboxOne|Win32
		{7CCE658F-689B-C09A-91B4-AE427DE0F528}.DebugEditor|XboxOneX.ActiveCfg = DebugEditor XboxOneX|Win32
		{7CCE658F-689B-C09A-91B4-AE427DE0F528}.DebugEditor|XboxOneX.Build.0 = DebugEditor XboxOneX|Win32
		{7CCE658F-689B-C09A-91B4-AE427DE0F528}.DebugGame|PlayStation5.ActiveCfg = DebugGame PlayStation5|x64
		{7CCE658F-689B-C09A-91B4-AE427DE0F528}.DebugGame|PlayStation5.Build.0 = DebugGame PlayStation5|x64
		{7CCE658F-689B-C09A-91B4-AE427DE0F528}.DebugGame|Win32.ActiveCfg = DebugGame Win32|x64
		{7CCE658F-689B-C09A-91B4-AE427DE0F528}.DebugGame|Win32.Build.0 = DebugGame Win32|x64
		{7CCE658F-689B-C09A-91B4-AE427DE0F528}.DebugGame|Win64.ActiveCfg = DebugGame Win64|x64
		{7CCE658F-689B-C09A-91B4-AE427DE0F528}.DebugGame|Win64.Build.0 = DebugGame Win64|x64
		{7CCE658F-689B-C09A-91B4-AE427DE0F528}.DebugGame|XboxOne.ActiveCfg = DebugGame XboxOne|Win32
		{7CCE658F-689B-C09A-91B4-AE427DE0F528}.DebugGame|XboxOne.Build.0 = DebugGame XboxOne|Win32
		{7CCE658F-689B-C09A-91B4-AE427DE0F528}.DebugGame|XboxOneX.ActiveCfg = DebugGame XboxOneX|Win32
		{7CCE658F-689B-C09A-91B4-AE427DE0F528}.DebugGame|XboxOneX.Build.0 = DebugGame XboxOneX|Win32
		{7CCE658F-689B-C09A-91B4-AE427DE0F528}.Development|PlayStation5.ActiveCfg = Development PlayStation5|x64
		{7CCE658F-689B-C09A-91B4-AE427DE0F528}.Development|PlayStation5.Build.0 = Development PlayStation5|x64
		{7CCE658F-689B-C09A-91B4-AE427DE0F528}.Development|Win32.ActiveCfg = Development Win32|x64
		{7CCE658F-689B-C09A-91B4-AE427DE0F528}.Development|Win32.Build.0 = Development Win32|x64
		{7CCE658F-689B-C09A-91B4-AE427DE0F528}.Development|Win64.ActiveCfg = Development Win64|x64
		{7CCE658F-689B-C09A-91B4-AE427DE0F528}.Development|Win64.Build.0 = Development Win64|x64
		{7CCE658F-689B-C09A-91B4-AE427DE0F528}.Development|XboxOne.ActiveCfg = Development XboxOne|Win32
		{7CCE658F-689B-C09A-91B4-AE427DE0F528}.Development|XboxOne.Build.0 = Development XboxOne|Win32
		{7CCE658F-689B-C09A-91B4-AE427DE0F528}.Development|XboxOneX.ActiveCfg = Development XboxOneX|Win32
		{7CCE658F-689B-C09A-91B4-AE427DE0F528}.Development|XboxOneX.Build.0 = Development XboxOneX|Win32
		{7CCE658F-689B-C09A-91B4-AE427DE0F528}.ShippingGame|PlayStation5.ActiveCfg = ShippingGame PlayStation5|x64
		{7CCE658F-689B-C09A-91B4-AE427DE0F528}.ShippingGame|PlayStation5.Build.0 = ShippingGame PlayStation5|x64
		{7CCE658F-689B-C09A-91B4-AE427DE0F528}.ShippingGame|Win32.ActiveCfg = ShippingGame Win32|x64
		{7CCE658F-689B-C09A-91B4-AE427DE0F528}.ShippingGame|Win32.Build.0 = ShippingGame Win32|x64
		{7CCE658F-689B-C09A-91B4-AE427DE0F528}.ShippingGame|Win64.ActiveCfg = ShippingGame Win64|x64
		{7CCE658F-689B-C09A-91B4-AE427DE0F528}.ShippingGame|Win64.Build.0 = ShippingGame Win64|x64
		{7CCE658F-689B-C09A-91B4-AE427DE0F528}.ShippingGame|XboxOne.ActiveCfg = ShippingGame XboxOne|Win32
		{7CCE658F-689B-C09A-91B4-AE427DE0F528}.ShippingGame|XboxOne.Build.0 = ShippingGame XboxOne|Win32
		{7CCE658F-689B-C09A-91B4-AE427DE0F528}.ShippingGame|XboxOneX.ActiveCfg = ShippingGame XboxOneX|Win32
		{7CCE658F-689B-C09A-91B4-AE427DE0F528}.ShippingGame|XboxOneX.Build.0 = ShippingGame XboxOneX|Win32
		{F4D4E73E-6095-6375-29D0-ACF2954FA851}.DebugEditor|PlayStation5.ActiveCfg = DebugEditor PlayStation5|x64
		{F4D4E73E-6095-6375-29D0-ACF2954FA851}.DebugEditor|PlayStation5.Build.0 = DebugEditor PlayStation5|x64
		{F4D4E73E-6095-6375-29D0-ACF2954FA851}.DebugEditor|Win32.ActiveCfg = DebugEditor Win32|x64
		{F4D4E73E-6095-6375-29D0-ACF2954FA851}.DebugEditor|Win32.Build.0 = DebugEditor Win32|x64
		{F4D4E73E-6095-6375-29D0-ACF2954FA851}.DebugEditor|Win64.ActiveCfg = DebugEditor Win64|x64
		{F4D4E73E-6095-6375-29D0-ACF2954FA851}.DebugEditor|Win64.Build.0 = DebugEditor Win64|x64
		{F4D4E73E-6095-6375-29D0-ACF2954FA851}.DebugEditor|XboxOne.ActiveCfg = DebugEditor XboxOne|Win32
		{F4D4E73E-6095-6375-29D0-ACF2954FA851}.DebugEditor|XboxOne.Build.0 = DebugEditor XboxOne|Win32
		{F4D4E73E-6095-6375-29D0-ACF2954FA851}.DebugEditor|XboxOneX.ActiveCfg = DebugEditor XboxOneX|Win32
		{F4D4E73E-6095-6375-29D0-ACF2954FA851}.DebugEditor|XboxOneX.Build.0 = DebugEditor XboxOneX|Win32
		{F4D4E73E-6095-6375-29D0-ACF2954FA851}.DebugGame|PlayStation5.ActiveCfg = DebugGame PlayStation5|x64
		{F4D4E73E-6095-6375-29D0-ACF2954FA851}.DebugGame|PlayStation5.Build.0 = DebugGame PlayStation5|x64
		{F4D4E73E-6095-6375-29D0-ACF2954FA851}.DebugGame|Win32.ActiveCfg = DebugGame Win32|x64
		{F4D4E73E-6095-6375-29D0-ACF2954FA851}.DebugGame|Win32.Build.0 = DebugGame Win32|x64
		{F4D4E73E-6095-6375-29D0-ACF2954FA851}.DebugGame|Win64.ActiveCfg = DebugGame Win64|x64
		{F4D4E73E-6095-6375-29D0-ACF2954FA851}.DebugGame|Win64.Build.0 = DebugGame Win64|x64
		{F4D4E73E-6095-6375-29D0-ACF2954FA851}.DebugGame|XboxOne.ActiveCfg = DebugGame XboxOne|Win32
		{F4D4E73E-6095-6375-29D0-ACF2954FA851}.DebugGame|XboxOne.Build.0 = DebugGame XboxOne|Win32
		{F4D4E73E-6095-6375-29D0-ACF2954FA851}.DebugGame|XboxOneX.ActiveCfg = DebugGame XboxOneX|Win32
		{F4D4E73E-6095-6375-29D0-ACF2954FA851}.DebugGame|XboxOneX.Build.0 = DebugGame XboxOneX|Win32
		{F4D4E73E-6095-6375-29D0-ACF2954FA851}.Development|PlayStation5.ActiveCfg = Development PlayStation5|x64
		{F4D4E73E-6095-6375-29D0-ACF2954FA851}.Development|PlayStation5.Build.0 = Development PlayStation5|x64
		{F4D4E73E-6095-6375-29D0-ACF2954FA851}.Development|Win32.ActiveCfg = Development Win32|x64
		{F4D4E73E-6095-6375-29D0-ACF2954FA851}.Development|Win32.Build.0 = Development Win32|x64
		{F4D4E73E-6095-6375-29D0-ACF2954FA851}.Development|Win64.ActiveCfg = Development Win64|x64
		{F4D4E73E-6095-6375-29D0-ACF2954FA851}.Development|Win64.Build.0 = Development Win64|x64
		{F4D4E73E-6095-6375-29D0-ACF2954FA851}.Development|XboxOne.ActiveCfg = Development XboxOne|Win32
		{F4D4E73E-6095-6375-29D0-ACF2954FA851}.Development|XboxOne.Build.0 = Development XboxOne|Win32
		{F4D4E73E-6095-6375-29D0-ACF2954FA851}.Development|XboxOneX.ActiveCfg = Development XboxOneX|Win32
		{F4D4E73E-6095-6375-29D0-ACF2954FA851}.Development|XboxOneX.Build.0 = Development XboxOneX|Win32
		{F4D4E73E-6095-6375-29D0-ACF2954FA851}.ShippingGame|PlayStation5.ActiveCfg = ShippingGame PlayStation5|x64
		{F4D4E73E-6095-6375-29D0-ACF2954FA851}.ShippingGame|PlayStation5.Build.0 = ShippingGame PlayStation5|x64
		{F4D4E73E-6095-6375-29D0-ACF2954FA851}.ShippingGame|Win32.ActiveCfg = ShippingGame Win32|x64
		{F4D4E73E-6095-6375-29D0-ACF2954FA851}.ShippingGame|Win32.Build.0 = ShippingGame Win32|x64
		{F4D4E73E-6095-6375-29D0-ACF2954FA851}.ShippingGame|Win64.ActiveCfg = ShippingGame Win64|x64
		{F4D4E73E-6095-6375-29D0-ACF2954FA851}.ShippingGame|Win64.Build.0 = ShippingGame Win64|x64
		{F4D4E73E-6095-6375-29D0-ACF2954FA851}.ShippingGame|XboxOne.ActiveCfg = ShippingGame XboxOne|Win32
		{F4D4E73E-6095-6375-29D0-ACF2954FA851}.ShippingGame|XboxOne.Build.0 = ShippingGame XboxOne|Win32
		{F4D4E73E-6095-6375-29D0-ACF2954FA851}.ShippingGame|XboxOneX.ActiveCfg = ShippingGame XboxOneX|Win32
		{F4D4E73E-6095-6375-29D0-ACF2954FA851}.ShippingGame|XboxOneX.Build.0 = ShippingGame XboxOneX|Win32
		{EFAC8DF2-5B8C-0C8E-64A4-9764D00273EF}.DebugEditor|PlayStation5.ActiveCfg = DebugEditor PlayStation5|x64
		{EFAC8DF2-5B8C-0C8E-64A4-9764D00273EF}.DebugEditor|PlayStation5.Build.0 = DebugEditor PlayStation5|x64
		{EFAC8DF2-5B8C-0C8E-64A4-9764D00273EF}.DebugEditor|Win32.ActiveCfg = DebugEditor Win32|x64
		{EFAC8DF2-5B8C-0C8E-64A4-9764D00273EF}.DebugEditor|Win32.Build.0 = DebugEditor Win32|x64
		{EFAC8DF2-5B8C-0C8E-64A4-9764D00273EF}.DebugEditor|Win64.ActiveCfg = DebugEditor Win64|x64
		{EFAC8DF2-5B8C-0C8E-64A4-9764D00273EF}.DebugEditor|Win64.Build.0 = DebugEditor Win64|x64
		{EFAC8DF2-5B8C-0C8E-64A4-9764D00273EF}.DebugEditor|XboxOne.ActiveCfg = DebugEditor XboxOne|Win32
		{EFAC8DF2-5B8C-0C8E-64A4-9764D00273EF}.DebugEditor|XboxOne.Build.0 = DebugEditor XboxOne|Win32
		{EFAC8DF2-5B8C-0C8E-64A4-9764D00273EF}.DebugEditor|XboxOneX.ActiveCfg = DebugEditor XboxOneX|Win32
		{EFAC8DF2-5B8C-0C8E-64A4-9764D00273EF}.DebugEditor|XboxOneX.Build.0 = DebugEditor XboxOneX|Win32
		{EFAC8DF2-5B8C-0C8E-64A4-9764D00273EF}.DebugGame|PlayStation5.ActiveCfg = DebugGame PlayStation5|x64
		{EFAC8DF2-5B8C-0C8E-64A4-9764D00273EF}.DebugGame|PlayStation5.Build.0 = DebugGame PlayStation5|x64
		{EFAC8DF2-5B8C-0C8E-64A4-9764D00273EF}.DebugGame|Win32.ActiveCfg = DebugGame Win32|x64
		{EFAC8DF2-5B8C-0C8E-64A4-9764D00273EF}.DebugGame|Win32.Build.0 = DebugGame Win32|x64
		{EFAC8DF2-5B8C-0C8E-64A4-9764D00273EF}.DebugGame|Win64.ActiveCfg = DebugGame Win64|x64
		{EFAC8DF2-5B8C-0C8E-64A4-9764D00273EF}.DebugGame|Win64.Build.0 = DebugGame Win64|x64
		{EFAC8DF2-5B8C-0C8E-64A4-9764D00273EF}.DebugGame|XboxOne.ActiveCfg = DebugGame XboxOne|Win32
		{EFAC8DF2-5B8C-0C8E-64A4-9764D00273EF}.DebugGame|XboxOne.Build.0 = DebugGame XboxOne|Win32
		{EFAC8DF2-5B8C-0C8E-64A4-9764D00273EF}.DebugGame|XboxOneX.ActiveCfg = DebugGame XboxOneX|Win32
		{EFAC8DF2-5B8C-0C8E-64A4-9764D00273EF}.DebugGame|XboxOneX.Build.0 = DebugGame XboxOneX|Win32
		{EFAC8DF2-5B8C-0C8E-64A4-9764D00273EF}.Development|PlayStation5.ActiveCfg = Development PlayStation5|x64
		{EFAC8DF2-5B8C-0C8E-64A4-9764D00273EF}.Development|PlayStation5.Build.0 = Development PlayStation5|x64
		{EFAC8DF2-5B8C-0C8E-64A4-9764D00273EF}.Development|Win32.ActiveCfg = Development Win32|x64
		{EFAC8DF2-5B8C-0C8E-64A4-9764D00273EF}.Development|Win32.Build.0 = Development Win32|x64
		{EFAC8DF2-5B8C-0C8E-64A4-9764D00273EF}.Development|Win64.ActiveCfg = Development Win64|x64
		{EFAC8DF2-5B8C-0C8E-64A4-9764D00273EF}.Development|Win64.Build.0 = Development Win64|x64
		{EFAC8DF2-5B8C-0C8E-64A4-9764D00273EF}.Development|XboxOne.ActiveCfg = Development XboxOne|Win32
		{EFAC8DF2-5B8C-0C8E-64A4-9764D00273EF}.Development|XboxOne.Build.0 = Development XboxOne|Win32
		{EFAC8DF2-5B8C-0C8E-64A4-9764D00273EF}.Development|XboxOneX.ActiveCfg = Development XboxOneX|Win32
		{EFAC8DF2-5B8C-0C8E-64A4-9764D00273EF}.Development|XboxOneX.Build.0 = Development XboxOneX|Win32
		{EFAC8DF2-5B8C-0C8E-64A4-9764D00273EF}.ShippingGame|PlayStation5.ActiveCfg = ShippingGame PlayStation5|x64
		{EFAC8DF2-5B8C-0C8E-64A4-9764D00273EF}.ShippingGame|PlayStation5.Build.0 = ShippingGame PlayStation5|x64
		{EFAC8DF2-5B8C-0C8E-64A4-9764D00273EF}.ShippingGame|Win32.ActiveCfg = ShippingGame Win32|x64
		{EFAC8DF2-5B8C-0C8E-64A4-9764D00273EF}.ShippingGame|Win32.Build.0 = ShippingGame Win32|x64
		{EFAC8DF2-5B8C-0C8E-64A4-9764D00273EF}.ShippingGame|Win64.ActiveCfg = ShippingGame Win64|x64
		{EFAC8DF2-5B8C-0C8E-64A4-9764D00273EF}.ShippingGame|Win64.Build.0 = ShippingGame Win64|x64
		{EFAC8DF2-5B8C-0C8E-64A4-9764D00273EF}.ShippingGame|XboxOne.ActiveCfg = ShippingGame XboxOne|Win32
		{EFAC8DF2-5B8C-0C8E-64A4-9764D00273EF}.ShippingGame|XboxOne.Build.0 = ShippingGame XboxOne|Win32
		{EFAC8DF2-5B8C-0C8E-64A4-9764D00273EF}.ShippingGame|XboxOneX.ActiveCfg = ShippingGame XboxOneX|Win32
		{EFAC8DF2-5B8C-0C8E-64A4-9764D00273EF}.ShippingGame|XboxOneX.Build.0 = ShippingGame XboxOneX|Win32
		{F8411ACB-64AC-CE41-ADEA-7FE71994AC96}.DebugEditor|PlayStation5.ActiveCfg = DebugEditor PlayStation5|x64
		{F8411ACB-64AC-CE41-ADEA-7FE71994AC96}.DebugEditor|PlayStation5.Build.0 = DebugEditor PlayStation5|x64
		{F8411ACB-64AC-CE41-ADEA-7FE71994AC96}.DebugEditor|Win32.ActiveCfg = DebugEditor Win32|x64
		{F8411ACB-64AC-CE41-ADEA-7FE71994AC96}.DebugEditor|Win32.Build.0 = DebugEditor Win32|x64
		{F8411ACB-64AC-CE41-ADEA-7FE71994AC96}.DebugEditor|Win64.ActiveCfg = DebugEditor Win64|x64
		{F8411ACB-64AC-CE41-ADEA-7FE71994AC96}.DebugEditor|Win64.Build.0 = DebugEditor Win64|x64
		{F8411ACB-64AC-CE41-ADEA-7FE71994AC96}.DebugEditor|XboxOne.ActiveCfg = DebugEditor XboxOne|Win32
		{F8411ACB-64AC-CE41-ADEA-7FE71994AC96}.DebugEditor|XboxOne.Build.0 = DebugEditor XboxOne|Win32
		{F8411ACB-64AC-CE41-ADEA-7FE71994AC96}.DebugEditor|XboxOneX.ActiveCfg = DebugEditor XboxOneX|Win32
		{F8411ACB-64AC-CE41-ADEA-7FE71994AC96}.DebugEditor|XboxOneX.Build.0 = DebugEditor XboxOneX|Win32
		{F8411ACB-64AC-CE41-ADEA-7FE71994AC96}.DebugGame|PlayStation5.ActiveCfg = DebugGame PlayStation5|x64
		{F8411ACB-64AC-CE41-ADEA-7FE71994AC96}.DebugGame|PlayStation5.Build.0 = DebugGame PlayStation5|x64
		{F8411ACB-64AC-CE41-ADEA-7FE71994AC96}.DebugGame|Win32.ActiveCfg = DebugGame Win32|x64
		{F8411ACB-64AC-CE41-ADEA-7FE71994AC96}.DebugGame|Win32.Build.0 = DebugGame Win32|x64
		{F8411ACB-64AC-CE41-ADEA-7FE71994AC96}.DebugGame|Win64.ActiveCfg = DebugGame Win64|x64
		{F8411ACB-64AC-CE41-ADEA-7FE71994AC96}.DebugGame|Win64.Build.0 = DebugGame Win64|x64
		{F8411ACB-64AC-CE41-ADEA-7FE71994AC96}.DebugGame|XboxOne.ActiveCfg = DebugGame XboxOne|Win32
		{F8411ACB-64AC-CE41-ADEA-7FE71994AC96}.DebugGame|XboxOne.Build.0 = DebugGame XboxOne|Win32
		{F8411ACB-64AC-CE41-ADEA-7FE71994AC96}.DebugGame|XboxOneX.ActiveCfg = DebugGame XboxOneX|Win32
		{F8411ACB-64AC-CE41-ADEA-7FE71994AC96}.DebugGame|XboxOneX.Build.0 = DebugGame XboxOneX|Win32
		{F8411ACB-64AC-CE41-ADEA-7FE71994AC96}.Development|PlayStation5.ActiveCfg = Development PlayStation5|x64
		{F8411ACB-64AC-CE41-ADEA-7FE71994AC96}.Development|PlayStation5.Build.0 = Development PlayStation5|x64
		{F8411ACB-64AC-CE41-ADEA-7FE71994AC96}.Development|Win32.ActiveCfg = Development Win32|x64
		{F8411ACB-64AC-CE41-ADEA-7FE71994AC96}.Development|Win32.Build.0 = Development Win32|x64
		{F8411ACB-64AC-CE41-ADEA-7FE71994AC96}.Development|Win64.ActiveCfg = Development Win64|x64
		{F8411ACB-64AC-CE41-ADEA-7FE71994AC96}.Development|Win64.Build.0 = Development Win64|x64
		{F8411ACB-64AC-CE41-ADEA-7FE71994AC96}.Development|XboxOne.ActiveCfg = Development XboxOne|Win32
		{F8411ACB-64AC-CE41-ADEA-7FE71994AC96}.Development|XboxOne.Build.0 = Development XboxOne|Win32
		{F8411ACB-64AC-CE41-ADEA-7FE71994AC96}.Development|XboxOneX.ActiveCfg = Development XboxOneX|Win32
		{F8411ACB-64AC-CE41-ADEA-7FE71994AC96}.Development|XboxOneX.Build.0 = Development XboxOneX|Win32
		{F8411ACB-64AC-CE41-ADEA-7FE71994AC96}.ShippingGame|PlayStation5.ActiveCfg = ShippingGame PlayStation5|x64
		{F8411ACB-64AC-CE41-ADEA-7FE71994AC96}.ShippingGame|PlayStation5.Build.0 = ShippingGame PlayStation5|x64
		{F8411ACB-64AC-CE41-ADEA-7FE71994AC96}.ShippingGame|Win32.ActiveCfg = ShippingGame Win32|x64
		{F8411ACB-64AC-CE41-ADEA-7FE71994AC96}.ShippingGame|Win32.Build.0 = ShippingGame Win32|x64
		{F8411ACB-64AC-CE41-ADEA-7FE71994AC96}.ShippingGame|Win64.ActiveCfg = ShippingGame Win64|x64
		{F8411ACB-64AC-CE41-ADEA-7FE71994AC96}.ShippingGame|Win64.Build.0 = ShippingGame Win64|x64
		{F8411ACB-64AC-CE41-ADEA-7FE71994AC96}.ShippingGame|XboxOne.ActiveCfg = ShippingGame XboxOne|Win32
		{F8411ACB-64AC-CE41-ADEA-7FE71994AC96}.ShippingGame|XboxOne.Build.0 = ShippingGame XboxOne|Win32
		{F8411ACB-64AC-CE41-ADEA-7FE71994AC96}.ShippingGame|XboxOneX.ActiveCfg = ShippingGame XboxOneX|Win32
		{F8411ACB-64AC-CE41-ADEA-7FE71994AC96}.ShippingGame|XboxOneX.Build.0 = ShippingGame XboxOneX|Win32
	EndGlobalSection
	GlobalSection(SolutionProperties) = preSolution
		HideSolutionNode = FALSE
	EndGlobalSection
	GlobalSection(NestedProjects) = preSolution
		{28AD979D-948C-1639-9DA4-A10F09037D9A} = {339C0AE1-1FFF-9985-C884-D23BB4C66508}
		{2EB4837C-1AEB-840D-C3D7-6A10AFED000F} = {65CB7E83-D18B-FAB9-9AC6-433706463F96}
		{AFF4887C-9B2B-8A0D-4418-7010302E060F} = {65CB7E83-D18B-FAB9-9AC6-433706463F96}
		{7CCE658F-689B-C09A-91B4-AE427DE0F528} = {65CB7E83-D18B-FAB9-9AC6-433706463F96}
		{F4D4E73E-6095-6375-29D0-ACF2954FA851} = {B70DBBB7-A3DB-AEBD-8C6F-1FE478DC8A22}
	EndGlobalSection
EndGlobal
