<?xml version="1.0" encoding="utf-8"?>
<Project ToolsVersion="4.0" xmlns="http://schemas.microsoft.com/developer/msbuild/2003">
  <ItemGroup>
    <Filter Include="Private">
      <UniqueIdentifier>{001F8D23-6CFE-0BBF-7516-9795E1747220}</UniqueIdentifier>
    </Filter>
    <Filter Include="Private\PCH">
      <UniqueIdentifier>{0AC21F53-7677-9848-FF6B-921F6B208F4C}</UniqueIdentifier>
    </Filter>
    <Filter Include="Public">
      <UniqueIdentifier>{8480F8CA-7022-23A1-59DD-36F5451EAAF1}</UniqueIdentifier>
    </Filter>
  </ItemGroup>
  <ItemGroup>
    <ClInclude Include="Private\PCH\MathPCH.h">
      <Filter>Private\PCH</Filter>
    </ClInclude>
    <ClInclude Include="Public\MathCore.h">
      <Filter>Public</Filter>
    </ClInclude>
    <ClInclude Include="Public\MathCore.inl">
      <Filter>Public</Filter>
    </ClInclude>
    <ClInclude Include="Public\MathFwd.h">
      <Filter>Public</Filter>
    </ClInclude>
    <ClInclude Include="Public\Transform.h">
      <Filter>Public</Filter>
    </ClInclude>
    <ClInclude Include="Public\Transform.inl">
      <Filter>Public</Filter>
    </ClInclude>
  </ItemGroup>
  <ItemGroup>
    <ClCompile Include="Private\FVectorDetail.cpp">
      <Filter>Private</Filter>
    </ClCompile>
    <ClCompile Include="Private\PCH\MathPCH.cpp">
      <Filter>Private\PCH</Filter>
    </ClCompile>
  </ItemGroup>
  <ItemGroup>
    <None Include="Math.module.lua" />
  </ItemGroup>
</Project>