// !$*UTF8*$!
{
	archiveVersion = 1;
	classes = {
	};
	objectVersion = 46;
	objects = {

/* Begin PBXBuildFile section */
		14990B7687BA9868E87FD9B6 /* CriticalSectionWinDesktop.cpp in Sources */ = {isa = PBXBuildFile; fileRef = 50AE9D7EAC0EC230EE5263BE /* CriticalSectionWinDesktop.cpp */; };
		1E4695BE75AC08B027BA23FE /* CorePCH.cpp in Sources */ = {isa = PBXBuildFile; fileRef = 2B105A465D09A4F8D6E8E086 /* CorePCH.cpp */; };
		76E01F360D093128CE6F8D76 /* SamaphoreWinDesktop.cpp in Sources */ = {isa = PBXBuildFile; fileRef = AC3D333E5F333CF0B055997E /* SamaphoreWinDesktop.cpp */; };
		8136FB8CC585A0FE07ACD9CC /* Logger.cpp in Sources */ = {isa = PBXBuildFile; fileRef = 86E48B94A8B038C6E56561D4 /* Logger.cpp */; };
		8B6EA6E95023FD5B0492A529 /* SystemWinDesktop.cpp in Sources */ = {isa = PBXBuildFile; fileRef = AF8A0A51F82948831B550091 /* SystemWinDesktop.cpp */; };
		9D89761A6049D68CBD7EB45A /* StringHelper.cpp in Sources */ = {isa = PBXBuildFile; fileRef = 40BD364225043E74A8F16C82 /* StringHelper.cpp */; };
		9FEC35BA41D5D1AC38FCE3FA /* CommandLine.cpp in Sources */ = {isa = PBXBuildFile; fileRef = D8F682E2A719D6942E282922 /* CommandLine.cpp */; };
		CFE5A67696739DE80475C4B6 /* FileSystem.cpp in Sources */ = {isa = PBXBuildFile; fileRef = FF80E4DE94F7A4100393FB1E /* FileSystem.cpp */; };
		FCDBFF060D28E2F80B15AD46 /* SystemWinUniversal.cpp in Sources */ = {isa = PBXBuildFile; fileRef = C57ADB8E6CF0774015B581CE /* SystemWinUniversal.cpp */; };
/* End PBXBuildFile section */

/* Begin PBXFileReference section */
		01DB42BC73665B2E226780FC /* Ref.h */ = {isa = PBXFileReference; lastKnownFileType = sourcecode.c.h; name = Ref.h; path = Public/Ref.h; sourceTree = "<group>"; };
		1C89B6A273EF299425FD44E2 /* DataTypeWrappers.h */ = {isa = PBXFileReference; lastKnownFileType = sourcecode.c.h; name = DataTypeWrappers.h; path = Public/DataTypeWrappers.h; sourceTree = "<group>"; };
		247B3DF61DE13F68117C9C36 /* Scope.h */ = {isa = PBXFileReference; lastKnownFileType = sourcecode.c.h; name = Scope.h; path = Public/Scope.h; sourceTree = "<group>"; };
		296B3DF05A4F35E26D676C30 /* TSingleton.h */ = {isa = PBXFileReference; lastKnownFileType = sourcecode.c.h; name = TSingleton.h; path = Public/TSingleton.h; sourceTree = "<group>"; };
		2B105A465D09A4F8D6E8E086 /* CorePCH.cpp */ = {isa = PBXFileReference; lastKnownFileType = sourcecode.cpp.cpp; name = CorePCH.cpp; path = Private/PCH/CorePCH.cpp; sourceTree = "<group>"; };
		400DF0022AFA15F472DFDE42 /* Logger.h */ = {isa = PBXFileReference; lastKnownFileType = sourcecode.c.h; name = Logger.h; path = Public/Logger.h; sourceTree = "<group>"; };
		40BD364225043E74A8F16C82 /* StringHelper.cpp */ = {isa = PBXFileReference; lastKnownFileType = sourcecode.cpp.cpp; name = StringHelper.cpp; path = Private/StringHelper.cpp; sourceTree = "<group>"; };
		48DC55420C4816F44AEBBB82 /* Core.module.lua */ = {isa = PBXFileReference; lastKnownFileType = sourcecode.lua; name = Core.module.lua; path = Core.module.lua; sourceTree = "<group>"; };
		50AE9D7EAC0EC230EE5263BE /* CriticalSectionWinDesktop.cpp */ = {isa = PBXFileReference; lastKnownFileType = sourcecode.cpp.cpp; name = CriticalSectionWinDesktop.cpp; path = Private/Windows/CriticalSectionWinDesktop.cpp; sourceTree = "<group>"; };
		53D3DFF24D39E16440D53E32 /* Ref.inl */ = {isa = PBXFileReference; lastKnownFileType = text; name = Ref.inl; path = Public/Ref.inl; sourceTree = "<group>"; };
		54301ED04DF1DB4287F0DD10 /* CommandLine.h */ = {isa = PBXFileReference; lastKnownFileType = sourcecode.c.h; name = CommandLine.h; path = Public/CommandLine.h; sourceTree = "<group>"; };
		5A20ACDA450CD2CC8CF29B1A /* Handle.h */ = {isa = PBXFileReference; lastKnownFileType = sourcecode.c.h; name = Handle.h; path = Public/Handle.h; sourceTree = "<group>"; };
		6908B09E626EB210560A0EDE /* Helix-Core.lib */ = {isa = PBXFileReference; explicitFileType = archive.ar; includeInIndex = 0; name = "Helix-Core.lib"; path = "Helix-Core.lib"; sourceTree = BUILT_PRODUCTS_DIR; };
		6E56ED50DF798E4295403B90 /* StringHelper.h */ = {isa = PBXFileReference; lastKnownFileType = sourcecode.c.h; name = StringHelper.h; path = Public/StringHelper.h; sourceTree = "<group>"; };
		8132C2B881E5BFAAF5C790F8 /* Cast.h */ = {isa = PBXFileReference; lastKnownFileType = sourcecode.c.h; name = Cast.h; path = Public/Cast.h; sourceTree = "<group>"; };
		8190D96CB274D15EC58D07AC /* FileSystem.h */ = {isa = PBXFileReference; lastKnownFileType = sourcecode.c.h; name = FileSystem.h; path = Public/FileSystem.h; sourceTree = "<group>"; };
		86E48B94A8B038C6E56561D4 /* Logger.cpp */ = {isa = PBXFileReference; lastKnownFileType = sourcecode.cpp.cpp; name = Logger.cpp; path = Private/Logger.cpp; sourceTree = "<group>"; };
		8DA40E70510FD0228FB374B0 /* CorePCH.h */ = {isa = PBXFileReference; lastKnownFileType = sourcecode.c.h; name = CorePCH.h; path = Private/PCH/CorePCH.h; sourceTree = "<group>"; };
		95DD77020305857404987542 /* CriticalSection.h */ = {isa = PBXFileReference; lastKnownFileType = sourcecode.c.h; name = CriticalSection.h; path = Public/CriticalSection.h; sourceTree = "<group>"; };
		9A1F151ACB030D0CDE1B435A /* FrameTimer.h */ = {isa = PBXFileReference; lastKnownFileType = sourcecode.c.h; name = FrameTimer.h; path = Public/FrameTimer.h; sourceTree = "<group>"; };
		A818A10AA8CB9DFC1CAD6F4A /* Hash.h */ = {isa = PBXFileReference; lastKnownFileType = sourcecode.c.h; name = Hash.h; path = Public/Hash.h; sourceTree = "<group>"; };
		A8B9B548D99DAD3AECB5E388 /* MathCommon.h */ = {isa = PBXFileReference; lastKnownFileType = sourcecode.c.h; name = MathCommon.h; path = Public/MathCommon.h; sourceTree = "<group>"; };
		AC3D333E5F333CF0B055997E /* SamaphoreWinDesktop.cpp */ = {isa = PBXFileReference; lastKnownFileType = sourcecode.cpp.cpp; name = SamaphoreWinDesktop.cpp; path = Private/Windows/SamaphoreWinDesktop.cpp; sourceTree = "<group>"; };
		AF8A0A51F82948831B550091 /* SystemWinDesktop.cpp */ = {isa = PBXFileReference; lastKnownFileType = sourcecode.cpp.cpp; name = SystemWinDesktop.cpp; path = Private/Windows/Desktop/SystemWinDesktop.cpp; sourceTree = "<group>"; };
		AF9034820AD187F4DE2BD2C2 /* Callbacks.h */ = {isa = PBXFileReference; lastKnownFileType = sourcecode.c.h; name = Callbacks.h; path = Public/Callbacks.h; sourceTree = "<group>"; };
		BD88F9A018CA4D12EC2497E0 /* DataTypes.h */ = {isa = PBXFileReference; lastKnownFileType = sourcecode.c.h; name = DataTypes.h; path = Public/DataTypes.h; sourceTree = "<group>"; };
		BF2EB1ECAA1AD7DEF200A02C /* System.h */ = {isa = PBXFileReference; lastKnownFileType = sourcecode.c.h; name = System.h; path = Public/System.h; sourceTree = "<group>"; };
		C57ADB8E6CF0774015B581CE /* SystemWinUniversal.cpp */ = {isa = PBXFileReference; lastKnownFileType = sourcecode.cpp.cpp; name = SystemWinUniversal.cpp; path = Private/Windows/Universal/SystemWinUniversal.cpp; sourceTree = "<group>"; };
		C60DD9D61C9B4448F5145816 /* CoreFwd.h */ = {isa = PBXFileReference; lastKnownFileType = sourcecode.c.h; name = CoreFwd.h; path = Public/CoreFwd.h; sourceTree = "<group>"; };
		C6F4BFF4C0B67C66FAB57E34 /* DebugAssert.h */ = {isa = PBXFileReference; lastKnownFileType = sourcecode.c.h; name = DebugAssert.h; path = Public/DebugAssert.h; sourceTree = "<group>"; };
		D2F41B8A2E356EFC018FB9CA /* Semaphore.h */ = {isa = PBXFileReference; lastKnownFileType = sourcecode.c.h; name = Semaphore.h; path = Public/Semaphore.h; sourceTree = "<group>"; };
		D8F682E2A719D6942E282922 /* CommandLine.cpp */ = {isa = PBXFileReference; lastKnownFileType = sourcecode.cpp.cpp; name = CommandLine.cpp; path = Private/CommandLine.cpp; sourceTree = "<group>"; };
		DE6035CC0F442DBE225C640C /* EnumHelper.h */ = {isa = PBXFileReference; lastKnownFileType = sourcecode.c.h; name = EnumHelper.h; path = Public/EnumHelper.h; sourceTree = "<group>"; };
		EF5A7FAC45E7EA1E1E60FDEC /* Scope.inl */ = {isa = PBXFileReference; lastKnownFileType = text; name = Scope.inl; path = Public/Scope.inl; sourceTree = "<group>"; };
		FF80E4DE94F7A4100393FB1E /* FileSystem.cpp */ = {isa = PBXFileReference; lastKnownFileType = sourcecode.cpp.cpp; name = FileSystem.cpp; path = Private/FileSystem.cpp; sourceTree = "<group>"; };
/* End PBXFileReference section */

/* Begin PBXFrameworksBuildPhase section */
		9FEF070E117A1F80C07B454E /* Frameworks */ = {
			isa = PBXFrameworksBuildPhase;
			buildActionMask = 2147483647;
			files = (
			);
			runOnlyForDeploymentPostprocessing = 0;
		};
/* End PBXFrameworksBuildPhase section */

/* Begin PBXCopyFilesBuildPhase section */
		2D9852FA2E4B4FECA22D213A /* Embed Libraries */ = {
			isa = PBXCopyFilesBuildPhase;
			buildActionMask = 2147483647;
			dstPath = "";
			dstSubfolderSpec = 10;
			files = (
			);
			name = "Embed Libraries";
			runOnlyForDeploymentPostprocessing = 0;
		};
/* End PBXCopyFilesBuildPhase section */

/* Begin PBXGroup section */
		3B5B157E6D546030E7339BBE /* Universal */ = {
			isa = PBXGroup;
			children = (
				C57ADB8E6CF0774015B581CE /* SystemWinUniversal.cpp */,
			);
			name = Universal;
			sourceTree = "<group>";
		};
		516AA46014D66612537A0AA0 /* Desktop */ = {
			isa = PBXGroup;
			children = (
				AF8A0A51F82948831B550091 /* SystemWinDesktop.cpp */,
			);
			name = Desktop;
			sourceTree = "<group>";
		};
		6505B6C608513FF823220D06 /* Public */ = {
			isa = PBXGroup;
			children = (
				AF9034820AD187F4DE2BD2C2 /* Callbacks.h */,
				8132C2B881E5BFAAF5C790F8 /* Cast.h */,
				54301ED04DF1DB4287F0DD10 /* CommandLine.h */,
				C60DD9D61C9B4448F5145816 /* CoreFwd.h */,
				95DD77020305857404987542 /* CriticalSection.h */,
				1C89B6A273EF299425FD44E2 /* DataTypeWrappers.h */,
				BD88F9A018CA4D12EC2497E0 /* DataTypes.h */,
				C6F4BFF4C0B67C66FAB57E34 /* DebugAssert.h */,
				DE6035CC0F442DBE225C640C /* EnumHelper.h */,
				8190D96CB274D15EC58D07AC /* FileSystem.h */,
				9A1F151ACB030D0CDE1B435A /* FrameTimer.h */,
				5A20ACDA450CD2CC8CF29B1A /* Handle.h */,
				A818A10AA8CB9DFC1CAD6F4A /* Hash.h */,
				400DF0022AFA15F472DFDE42 /* Logger.h */,
				A8B9B548D99DAD3AECB5E388 /* MathCommon.h */,
				01DB42BC73665B2E226780FC /* Ref.h */,
				53D3DFF24D39E16440D53E32 /* Ref.inl */,
				247B3DF61DE13F68117C9C36 /* Scope.h */,
				EF5A7FAC45E7EA1E1E60FDEC /* Scope.inl */,
				D2F41B8A2E356EFC018FB9CA /* Semaphore.h */,
				6E56ED50DF798E4295403B90 /* StringHelper.h */,
				BF2EB1ECAA1AD7DEF200A02C /* System.h */,
				296B3DF05A4F35E26D676C30 /* TSingleton.h */,
			);
			name = Public;
			sourceTree = "<group>";
		};
		6B785668919E861AF8A57CA8 /* Windows */ = {
			isa = PBXGroup;
			children = (
				50AE9D7EAC0EC230EE5263BE /* CriticalSectionWinDesktop.cpp */,
				516AA46014D66612537A0AA0 /* Desktop */,
				AC3D333E5F333CF0B055997E /* SamaphoreWinDesktop.cpp */,
				3B5B157E6D546030E7339BBE /* Universal */,
			);
			name = Windows;
			sourceTree = "<group>";
		};
		99E500890B2BAEBB991DF6C9 /* Core */ = {
			isa = PBXGroup;
			children = (
				48DC55420C4816F44AEBBB82 /* Core.module.lua */,
				D6A2EFDE7AF58D908D2DD61E /* Private */,
				6505B6C608513FF823220D06 /* Public */,
				A6C936B49B3FADE6EA134CF4 /* Products */,
			);
			name = Core;
			sourceTree = "<group>";
		};
		A6C936B49B3FADE6EA134CF4 /* Products */ = {
			isa = PBXGroup;
			children = (
				6908B09E626EB210560A0EDE /* Helix-Core.lib */,
			);
			name = Products;
			sourceTree = "<group>";
		};
		AAC08E884F132C3A614B74C8 /* PCH */ = {
			isa = PBXGroup;
			children = (
				2B105A465D09A4F8D6E8E086 /* CorePCH.cpp */,
				8DA40E70510FD0228FB374B0 /* CorePCH.h */,
			);
			name = PCH;
			sourceTree = "<group>";
		};
		D6A2EFDE7AF58D908D2DD61E /* Private */ = {
			isa = PBXGroup;
			children = (
				D8F682E2A719D6942E282922 /* CommandLine.cpp */,
				FF80E4DE94F7A4100393FB1E /* FileSystem.cpp */,
				86E48B94A8B038C6E56561D4 /* Logger.cpp */,
				AAC08E884F132C3A614B74C8 /* PCH */,
				40BD364225043E74A8F16C82 /* StringHelper.cpp */,
				6B785668919E861AF8A57CA8 /* Windows */,
			);
			name = Private;
			sourceTree = "<group>";
		};
/* End PBXGroup section */

/* Begin PBXNativeTarget section */
		0D0DECC4242087F6143C8304 /* Core */ = {
			isa = PBXNativeTarget;
			buildConfigurationList = 8E2A4F6DFFB567DFAEB68DAD /* Build configuration list for PBXNativeTarget "Core" */;
			buildPhases = (
				0FD687AE8161A0203062C5EE /* Resources */,
				7983A105EB0EB9779A0FDF45 /* Sources */,
				9FEF070E117A1F80C07B454E /* Frameworks */,
				2D9852FA2E4B4FECA22D213A /* Embed Libraries */,
			);
			buildRules = (
			);
			dependencies = (
			);
			name = Core;
			productName = Core;
			productReference = 6908B09E626EB210560A0EDE /* Helix-Core.lib */;
			productType = "com.apple.product-type.library.static";
		};
/* End PBXNativeTarget section */

/* Begin PBXProject section */
		08FB7793FE84155DC02AAC07 /* Project object */ = {
			isa = PBXProject;
			buildConfigurationList = 1DEB928908733DD80010E9CD /* Build configuration list for PBXProject "Core" */;
			compatibilityVersion = "Xcode 3.2";
			hasScannedForEncodings = 1;
			mainGroup = 99E500890B2BAEBB991DF6C9 /* Core */;
			projectDirPath = "";
			projectRoot = "";
			targets = (
				0D0DECC4242087F6143C8304 /* Helix-Core.lib */,
			);
		};
/* End PBXProject section */

/* Begin PBXResourcesBuildPhase section */
		0FD687AE8161A0203062C5EE /* Resources */ = {
			isa = PBXResourcesBuildPhase;
			buildActionMask = 2147483647;
			files = (
			);
			runOnlyForDeploymentPostprocessing = 0;
		};
/* End PBXResourcesBuildPhase section */

/* Begin PBXSourcesBuildPhase section */
		7983A105EB0EB9779A0FDF45 /* Sources */ = {
			isa = PBXSourcesBuildPhase;
			buildActionMask = 2147483647;
			files = (
				9FEC35BA41D5D1AC38FCE3FA /* CommandLine.cpp in Sources */,
				CFE5A67696739DE80475C4B6 /* FileSystem.cpp in Sources */,
				8136FB8CC585A0FE07ACD9CC /* Logger.cpp in Sources */,
				1E4695BE75AC08B027BA23FE /* CorePCH.cpp in Sources */,
				9D89761A6049D68CBD7EB45A /* StringHelper.cpp in Sources */,
				14990B7687BA9868E87FD9B6 /* CriticalSectionWinDesktop.cpp in Sources */,
				8B6EA6E95023FD5B0492A529 /* SystemWinDesktop.cpp in Sources */,
				76E01F360D093128CE6F8D76 /* SamaphoreWinDesktop.cpp in Sources */,
				FCDBFF060D28E2F80B15AD46 /* SystemWinUniversal.cpp in Sources */,
			);
			runOnlyForDeploymentPostprocessing = 0;
		};
/* End PBXSourcesBuildPhase section */

/* Begin PBXVariantGroup section */
/* End PBXVariantGroup section */

/* Begin XCBuildConfiguration section */
		1A56692D1DC73B5F9F33DF6D /* ShippingGame */ = {
			isa = XCBuildConfiguration;
			buildSettings = {
				CLANG_CXX_LANGUAGE_STANDARD = "c++1z";
				CONFIGURATION_BUILD_DIR = "$(SYMROOT)";
				CONFIGURATION_TEMP_DIR = "$(OBJROOT)";
				GCC_OPTIMIZATION_LEVEL = 3;
				GCC_PRECOMPILE_PREFIX_HEADER = YES;
				GCC_PREFIX_HEADER = CorePCH.h;
				GCC_PREPROCESSOR_DEFINITIONS = (
					"HE_SHIPPING=1",
					"CORE_MODULE=1",
					HE_PLAYSTATION,
					HE_PS5,
					HE_GAME_CONSOLE,
				);
				GCC_SYMBOLS_PRIVATE_EXTERN = NO;
				GCC_WARN_ABOUT_RETURN_TYPE = YES;
				GCC_WARN_UNUSED_VARIABLE = YES;
				OBJROOT = "../../../../Build-clang/Intermediates/ShippingGame-PlayStation5/PlayStation5/ShippingGame/Core";
				ONLY_ACTIVE_ARCH = NO;
				SYMROOT = "../../../../Build-clang/ShippingGame-PlayStation5";
				USER_HEADER_SEARCH_PATHS = (
					Public,
					Private/PCH,
				);
			};
			name = ShippingGame;
		};
		5B9A2A326856D9A4DD414872 /* DebugGame */ = {
			isa = XCBuildConfiguration;
			buildSettings = {
				CLANG_CXX_LANGUAGE_STANDARD = "c++1z";
				CONFIGURATION_BUILD_DIR = "$(SYMROOT)";
				CONFIGURATION_TEMP_DIR = "$(OBJROOT)";
				GCC_ENABLE_FIX_AND_CONTINUE = YES;
				GCC_OPTIMIZATION_LEVEL = 3;
				GCC_PRECOMPILE_PREFIX_HEADER = YES;
				GCC_PREFIX_HEADER = CorePCH.h;
				GCC_PREPROCESSOR_DEFINITIONS = (
					"HE_DEVELOPMENT=1",
					"HE_DEBUG=1",
					HE_DEBUG_GAME,
					"CORE_MODULE=1",
					HE_PLAYSTATION,
					HE_PS5,
					HE_GAME_CONSOLE,
					HE_ENABLE_LOGS,
					HE_ENABLE_ASSERTS,
				);
				GCC_SYMBOLS_PRIVATE_EXTERN = NO;
				GCC_WARN_ABOUT_RETURN_TYPE = YES;
				GCC_WARN_UNUSED_VARIABLE = YES;
				OBJROOT = "../../../../Build-clang/Intermediates/DebugGame-PlayStation5/PlayStation5/DebugGame/Core";
				ONLY_ACTIVE_ARCH = NO;
				SYMROOT = "../../../../Build-clang/DebugGame-PlayStation5";
				USER_HEADER_SEARCH_PATHS = (
					Public,
					Private/PCH,
				);
			};
			name = DebugGame;
		};
		6E3D12BADF5FB3AC952660FA /* DebugEditor */ = {
			isa = XCBuildConfiguration;
			buildSettings = {
				ALWAYS_SEARCH_USER_PATHS = NO;
				CONFIGURATION_BUILD_DIR = "../../../../Build-clang/DebugEditor-PlayStation5";
				DEBUG_INFORMATION_FORMAT = "dwarf-with-dsym";
				EXECUTABLE_EXTENSION = lib;
				GCC_DYNAMIC_NO_PIC = NO;
				INSTALL_PATH = /usr/local/lib;
				MACOSX_DEPLOYMENT_TARGET = 10.0.18362.0;
				PRODUCT_NAME = "Helix-Core";
			};
			name = DebugEditor;
		};
		77DAC87FA6811C71FFC276BF /* DebugEditor */ = {
			isa = XCBuildConfiguration;
			buildSettings = {
				CLANG_CXX_LANGUAGE_STANDARD = "c++1z";
				CONFIGURATION_BUILD_DIR = "$(SYMROOT)";
				CONFIGURATION_TEMP_DIR = "$(OBJROOT)";
				COPY_PHASE_STRIP = NO;
				GCC_ENABLE_FIX_AND_CONTINUE = YES;
				GCC_OPTIMIZATION_LEVEL = 0;
				GCC_PRECOMPILE_PREFIX_HEADER = YES;
				GCC_PREFIX_HEADER = CorePCH.h;
				GCC_PREPROCESSOR_DEFINITIONS = (
					"HE_DEBUG=1",
					"HE_WITH_EDITOR=1",
					"HE_DEBUG_EDITOR=1",
					"CORE_MODULE=1",
					HE_PLAYSTATION,
					HE_PS5,
					HE_GAME_CONSOLE,
					HE_ENABLE_LOGS,
					HE_ENABLE_ASSERTS,
					HE_DEBUG_THREADS,
					HE_DEBUG_FILESYSTEM,
				);
				GCC_SYMBOLS_PRIVATE_EXTERN = NO;
				GCC_WARN_ABOUT_RETURN_TYPE = YES;
				GCC_WARN_UNUSED_VARIABLE = YES;
				OBJROOT = "../../../../Build-clang/Intermediates/DebugEditor-PlayStation5/PlayStation5/DebugEditor/Core";
				ONLY_ACTIVE_ARCH = YES;
				SYMROOT = "../../../../Build-clang/DebugEditor-PlayStation5";
				USER_HEADER_SEARCH_PATHS = (
					Public,
					Private/PCH,
				);
			};
			name = DebugEditor;
		};
		829F22D4B14576C60A86D114 /* Development */ = {
			isa = XCBuildConfiguration;
			buildSettings = {
				CLANG_CXX_LANGUAGE_STANDARD = "c++1z";
				CONFIGURATION_BUILD_DIR = "$(SYMROOT)";
				CONFIGURATION_TEMP_DIR = "$(OBJROOT)";
				COPY_PHASE_STRIP = NO;
				GCC_ENABLE_FIX_AND_CONTINUE = YES;
				GCC_OPTIMIZATION_LEVEL = 0;
				GCC_PRECOMPILE_PREFIX_HEADER = YES;
				GCC_PREFIX_HEADER = CorePCH.h;
				GCC_PREPROCESSOR_DEFINITIONS = (
					"HE_DEVELOPMENT=1",
					"HE_DEBUG=1",
					"HE_WITH_EDITOR=1",
					"CORE_MODULE=1",
					HE_PLAYSTATION,
					HE_PS5,
					HE_GAME_CONSOLE,
					HE_ENABLE_LOGS,
					HE_ENABLE_ASSERTS,
				);
				GCC_SYMBOLS_PRIVATE_EXTERN = NO;
				GCC_WARN_ABOUT_RETURN_TYPE = YES;
				GCC_WARN_UNUSED_VARIABLE = YES;
				OBJROOT = "../../../../Build-clang/Intermediates/Development-PlayStation5/PlayStation5/Development/Core";
				ONLY_ACTIVE_ARCH = YES;
				SYMROOT = "../../../../Build-clang/Development-PlayStation5";
				USER_HEADER_SEARCH_PATHS = (
					Public,
					Private/PCH,
				);
			};
			name = Development;
		};
		9D821B4F0EA4BC41C46B698F /* Development */ = {
			isa = XCBuildConfiguration;
			buildSettings = {
				ALWAYS_SEARCH_USER_PATHS = NO;
				CONFIGURATION_BUILD_DIR = "../../../../Build-clang/Development-PlayStation5";
				DEBUG_INFORMATION_FORMAT = "dwarf-with-dsym";
				EXECUTABLE_EXTENSION = lib;
				GCC_DYNAMIC_NO_PIC = NO;
				INSTALL_PATH = /usr/local/lib;
				MACOSX_DEPLOYMENT_TARGET = 10.0.18362.0;
				PRODUCT_NAME = "Helix-Core";
			};
			name = Development;
		};
		EB994A688110099AEFAC60A8 /* ShippingGame */ = {
			isa = XCBuildConfiguration;
			buildSettings = {
				ALWAYS_SEARCH_USER_PATHS = NO;
				CONFIGURATION_BUILD_DIR = "../../../../Build-clang/ShippingGame-PlayStation5";
				EXECUTABLE_EXTENSION = lib;
				GCC_DYNAMIC_NO_PIC = NO;
				INSTALL_PATH = /usr/local/lib;
				MACOSX_DEPLOYMENT_TARGET = 10.0.18362.0;
				PRODUCT_NAME = "Helix-Core";
			};
			name = ShippingGame;
		};
		F6FFB52DF0C1719F2AC0736D /* DebugGame */ = {
			isa = XCBuildConfiguration;
			buildSettings = {
				ALWAYS_SEARCH_USER_PATHS = NO;
				CONFIGURATION_BUILD_DIR = "../../../../Build-clang/DebugGame-PlayStation5";
				DEBUG_INFORMATION_FORMAT = "dwarf-with-dsym";
				EXECUTABLE_EXTENSION = lib;
				GCC_DYNAMIC_NO_PIC = NO;
				INSTALL_PATH = /usr/local/lib;
				MACOSX_DEPLOYMENT_TARGET = 10.0.18362.0;
				PRODUCT_NAME = "Helix-Core";
			};
			name = DebugGame;
		};
/* End XCBuildConfiguration section */

/* Begin XCConfigurationList section */
		1DEB928908733DD80010E9CD /* Build configuration list for PBXProject "Core" */ = {
			isa = XCConfigurationList;
			buildConfigurations = (
				77DAC87FA6811C71FFC276BF /* DebugEditor */,
				77DAC87FA6811C71FFC276BF /* DebugEditor */,
				77DAC87FA6811C71FFC276BF /* DebugEditor */,
				77DAC87FA6811C71FFC276BF /* DebugEditor */,
				77DAC87FA6811C71FFC276BF /* DebugEditor */,
				77DAC87FA6811C71FFC276BF /* DebugEditor */,
				829F22D4B14576C60A86D114 /* Development */,
				829F22D4B14576C60A86D114 /* Development */,
				829F22D4B14576C60A86D114 /* Development */,
				829F22D4B14576C60A86D114 /* Development */,
				829F22D4B14576C60A86D114 /* Development */,
				829F22D4B14576C60A86D114 /* Development */,
				5B9A2A326856D9A4DD414872 /* DebugGame */,
				5B9A2A326856D9A4DD414872 /* DebugGame */,
				5B9A2A326856D9A4DD414872 /* DebugGame */,
				5B9A2A326856D9A4DD414872 /* DebugGame */,
				5B9A2A326856D9A4DD414872 /* DebugGame */,
				5B9A2A326856D9A4DD414872 /* DebugGame */,
				1A56692D1DC73B5F9F33DF6D /* ShippingGame */,
				1A56692D1DC73B5F9F33DF6D /* ShippingGame */,
				1A56692D1DC73B5F9F33DF6D /* ShippingGame */,
				1A56692D1DC73B5F9F33DF6D /* ShippingGame */,
				1A56692D1DC73B5F9F33DF6D /* ShippingGame */,
				1A56692D1DC73B5F9F33DF6D /* ShippingGame */,
			);
			defaultConfigurationIsVisible = 0;
			defaultConfigurationName = DebugEditor;
		};
		8E2A4F6DFFB567DFAEB68DAD /* Build configuration list for PBXNativeTarget "Helix-Core.lib" */ = {
			isa = XCConfigurationList;
			buildConfigurations = (
				6E3D12BADF5FB3AC952660FA /* DebugEditor */,
				6E3D12BADF5FB3AC952660FA /* DebugEditor */,
				6E3D12BADF5FB3AC952660FA /* DebugEditor */,
				6E3D12BADF5FB3AC952660FA /* DebugEditor */,
				6E3D12BADF5FB3AC952660FA /* DebugEditor */,
				6E3D12BADF5FB3AC952660FA /* DebugEditor */,
				9D821B4F0EA4BC41C46B698F /* Development */,
				9D821B4F0EA4BC41C46B698F /* Development */,
				9D821B4F0EA4BC41C46B698F /* Development */,
				9D821B4F0EA4BC41C46B698F /* Development */,
				9D821B4F0EA4BC41C46B698F /* Development */,
				9D821B4F0EA4BC41C46B698F /* Development */,
				F6FFB52DF0C1719F2AC0736D /* DebugGame */,
				F6FFB52DF0C1719F2AC0736D /* DebugGame */,
				F6FFB52DF0C1719F2AC0736D /* DebugGame */,
				F6FFB52DF0C1719F2AC0736D /* DebugGame */,
				F6FFB52DF0C1719F2AC0736D /* DebugGame */,
				F6FFB52DF0C1719F2AC0736D /* DebugGame */,
				EB994A688110099AEFAC60A8 /* ShippingGame */,
				EB994A688110099AEFAC60A8 /* ShippingGame */,
				EB994A688110099AEFAC60A8 /* ShippingGame */,
				EB994A688110099AEFAC60A8 /* ShippingGame */,
				EB994A688110099AEFAC60A8 /* ShippingGame */,
				EB994A688110099AEFAC60A8 /* ShippingGame */,
			);
			defaultConfigurationIsVisible = 0;
			defaultConfigurationName = DebugEditor;
		};
/* End XCConfigurationList section */
};
rootObject = 08FB7793FE84155DC02AAC07 /* Project object */;
}