<?xml version="1.0" encoding="utf-8"?>
<Project ToolsVersion="4.0" xmlns="http://schemas.microsoft.com/developer/msbuild/2003">
  <ItemGroup>
    <Filter Include="Private">
      <UniqueIdentifier>{001F8D23-6CFE-0BBF-7516-9795E1747220}</UniqueIdentifier>
    </Filter>
    <Filter Include="Private\App">
      <UniqueIdentifier>{30881F53-9C3D-9848-2532-921F91E68E4C}</UniqueIdentifier>
    </Filter>
    <Filter Include="Private\AssetRegistry">
      <UniqueIdentifier>{A8CCCACE-1439-86C9-DD2C-1E274958A831}</UniqueIdentifier>
    </Filter>
    <Filter Include="Private\Engine">
      <UniqueIdentifier>{85299AC6-71F7-8DCC-5A8B-FEF246F86931}</UniqueIdentifier>
    </Filter>
    <Filter Include="Private\Engine\Subsystem">
      <UniqueIdentifier>{A348867A-8F6D-D5FA-B8B8-BA8AA43CD418}</UniqueIdentifier>
    </Filter>
    <Filter Include="Private\GameFramework">
      <UniqueIdentifier>{373E6A8D-A3AA-2588-6C9E-BDE5D8C947F0}</UniqueIdentifier>
    </Filter>
    <Filter Include="Private\GameFramework\Actor">
      <UniqueIdentifier>{7FBFD60B-EBCC-04F2-74B3-00DDE0BFD0A8}</UniqueIdentifier>
    </Filter>
    <Filter Include="Private\GameFramework\Components">
      <UniqueIdentifier>{EC723DE9-D8C3-282B-0128-17EDEDD7BB94}</UniqueIdentifier>
    </Filter>
    <Filter Include="Private\Input">
      <UniqueIdentifier>{FF0EB299-6BCF-2DD0-340A-774DA08972AC}</UniqueIdentifier>
    </Filter>
    <Filter Include="Private\Launch">
      <UniqueIdentifier>{8AC80AD6-7696-FEDB-5F2A-6F024B97DA40}</UniqueIdentifier>
    </Filter>
    <Filter Include="Private\PCH">
      <UniqueIdentifier>{0AC21F53-7677-9848-FF6B-921F6B208F4C}</UniqueIdentifier>
    </Filter>
    <Filter Include="Private\Renderer">
      <UniqueIdentifier>{A6424B30-923B-6A82-BB6D-4F07A7C5498E}</UniqueIdentifier>
    </Filter>
    <Filter Include="Private\Renderer\Technique">
      <UniqueIdentifier>{BB0B0297-A71B-AE67-10D5-1286FC039D00}</UniqueIdentifier>
    </Filter>
    <Filter Include="Private\UI">
      <UniqueIdentifier>{2D926DA5-194A-AFF2-8251-884E6E284AE3}</UniqueIdentifier>
    </Filter>
    <Filter Include="Private\Windows">
      <UniqueIdentifier>{3AC949F8-A654-B7BC-AF65-3AB11B7013BD}</UniqueIdentifier>
    </Filter>
    <Filter Include="Private\Windows\Desktop">
      <UniqueIdentifier>{034EB910-6F85-01A8-788F-65CBE44528A1}</UniqueIdentifier>
    </Filter>
    <Filter Include="Private\Windows\Desktop\Resource">
      <UniqueIdentifier>{7AA335B8-66F4-20FA-8F58-0FBC7B08B463}</UniqueIdentifier>
    </Filter>
    <Filter Include="Private\Windows\Universal">
      <UniqueIdentifier>{6286AD45-CE48-E1CF-17F9-6F5C83FAB9AD}</UniqueIdentifier>
    </Filter>
    <Filter Include="Private\Windows\Universal\Resource">
      <UniqueIdentifier>{B9B6548F-A5F2-57F9-0E05-70F0FA5F0014}</UniqueIdentifier>
    </Filter>
    <Filter Include="Private\World">
      <UniqueIdentifier>{B7F9AF9A-23BA-2BD1-ECF4-744E587470AD}</UniqueIdentifier>
    </Filter>
    <Filter Include="Public">
      <UniqueIdentifier>{8480F8CA-7022-23A1-59DD-36F5451EAAF1}</UniqueIdentifier>
    </Filter>
    <Filter Include="Public\App">
      <UniqueIdentifier>{B40BA89C-A0C3-E9E9-09CB-C245F5A184DA}</UniqueIdentifier>
    </Filter>
    <Filter Include="Public\AssetRegistry">
      <UniqueIdentifier>{2C85E0D6-1814-6AA0-C132-7E9BADA07A46}</UniqueIdentifier>
    </Filter>
    <Filter Include="Public\Engine">
      <UniqueIdentifier>{892E404B-F5EE-BB81-BE29-05FF2AA9005E}</UniqueIdentifier>
    </Filter>
    <Filter Include="Public\Engine\Event">
      <UniqueIdentifier>{9AB2DA56-0614-B864-8F81-FE16FBE1EE23}</UniqueIdentifier>
    </Filter>
    <Filter Include="Public\Engine\Subsystem">
      <UniqueIdentifier>{A762A96B-139A-F102-1CA4-5526885A18FC}</UniqueIdentifier>
    </Filter>
    <Filter Include="Public\GameFramework">
      <UniqueIdentifier>{BBF67F95-A785-095F-50A4-1D5A3C121A05}</UniqueIdentifier>
    </Filter>
    <Filter Include="Public\GameFramework\Actor">
      <UniqueIdentifier>{03CB5D9C-EFDA-096D-5894-6E8B44C3F805}</UniqueIdentifier>
    </Filter>
    <Filter Include="Public\GameFramework\Components">
      <UniqueIdentifier>{F050CCC2-5C34-DB02-6537-093FD199A153}</UniqueIdentifier>
    </Filter>
    <Filter Include="Public\Input">
      <UniqueIdentifier>{83836967-6FE6-F80B-186C-31C204AEC48E}</UniqueIdentifier>
    </Filter>
    <Filter Include="Public\Renderer">
      <UniqueIdentifier>{AA988676-1624-F43A-1F35-772F8B3F503B}</UniqueIdentifier>
    </Filter>
    <Filter Include="Public\Renderer\Technique">
      <UniqueIdentifier>{BFB6535D-2B79-87E7-7429-1674E02A60C5}</UniqueIdentifier>
    </Filter>
    <Filter Include="Public\UI">
      <UniqueIdentifier>{31B571CE-9D1F-2645-E65D-D7EA5207049A}</UniqueIdentifier>
    </Filter>
    <Filter Include="Public\World">
      <UniqueIdentifier>{3B6E6768-27D1-F60C-D056-2FC3BC98C28F}</UniqueIdentifier>
    </Filter>
  </ItemGroup>
  <ItemGroup>
    <ClInclude Include="Private\PCH\EnginePCH.h">
      <Filter>Private\PCH</Filter>
    </ClInclude>
    <ClInclude Include="Private\Windows\Desktop\Resource\resource.h">
      <Filter>Private\Windows\Desktop\Resource</Filter>
    </ClInclude>
    <ClInclude Include="Public\App\App.h">
      <Filter>Public\App</Filter>
    </ClInclude>
    <ClInclude Include="Public\AssetRegistry\ActorDatabase.h">
      <Filter>Public\AssetRegistry</Filter>
    </ClInclude>
    <ClInclude Include="Public\AssetRegistry\Asset.h">
      <Filter>Public\AssetRegistry</Filter>
    </ClInclude>
    <ClInclude Include="Public\AssetRegistry\AssetDatabase.h">
      <Filter>Public\AssetRegistry</Filter>
    </ClInclude>
    <ClInclude Include="Public\AssetRegistry\DatabaseInterface.h">
      <Filter>Public\AssetRegistry</Filter>
    </ClInclude>
    <ClInclude Include="Public\AssetRegistry\FontDatabase.h">
      <Filter>Public\AssetRegistry</Filter>
    </ClInclude>
    <ClInclude Include="Public\AssetRegistry\MaterialDatabase.h">
      <Filter>Public\AssetRegistry</Filter>
    </ClInclude>
    <ClInclude Include="Public\AssetRegistry\ScriptDatabase.h">
      <Filter>Public\AssetRegistry</Filter>
    </ClInclude>
    <ClInclude Include="Public\AssetRegistry\SerializeableInterface.h">
      <Filter>Public\AssetRegistry</Filter>
    </ClInclude>
    <ClInclude Include="Public\AssetRegistry\ShaderDatabase.h">
      <Filter>Public\AssetRegistry</Filter>
    </ClInclude>
    <ClInclude Include="Public\AssetRegistry\TextureDatabase.h">
      <Filter>Public\AssetRegistry</Filter>
    </ClInclude>
    <ClInclude Include="Public\Engine\Engine.h">
      <Filter>Public\Engine</Filter>
    </ClInclude>
    <ClInclude Include="Public\Engine\EngineDefines.h">
      <Filter>Public\Engine</Filter>
    </ClInclude>
    <ClInclude Include="Public\Engine\EngineMacros.h">
      <Filter>Public\Engine</Filter>
    </ClInclude>
    <ClInclude Include="Public\Engine\Event\EngineEvent.h">
      <Filter>Public\Engine\Event</Filter>
    </ClInclude>
    <ClInclude Include="Public\Engine\Event\Event.h">
      <Filter>Public\Engine\Event</Filter>
    </ClInclude>
    <ClInclude Include="Public\Engine\Event\EventEmitter.h">
      <Filter>Public\Engine\Event</Filter>
    </ClInclude>
    <ClInclude Include="Public\Engine\FileExplorerWindow.h">
      <Filter>Public\Engine</Filter>
    </ClInclude>
    <ClInclude Include="Public\Engine\GameProject.h">
      <Filter>Public\Engine</Filter>
    </ClInclude>
    <ClInclude Include="Public\Engine\HelixEngine.h">
      <Filter>Public\Engine</Filter>
    </ClInclude>
    <ClInclude Include="Public\Engine\ScriptManager.h">
      <Filter>Public\Engine</Filter>
    </ClInclude>
    <ClInclude Include="Public\Engine\SplashScreen.h">
      <Filter>Public\Engine</Filter>
    </ClInclude>
    <ClInclude Include="Public\Engine\Subsystem\PhysicsSubsystem.h">
      <Filter>Public\Engine\Subsystem</Filter>
    </ClInclude>
    <ClInclude Include="Public\Engine\Subsystem\RenderingSubsystem.h">
      <Filter>Public\Engine\Subsystem</Filter>
    </ClInclude>
    <ClInclude Include="Public\Engine\Subsystem\ScriptSubsystem.h">
      <Filter>Public\Engine\Subsystem</Filter>
    </ClInclude>
    <ClInclude Include="Public\Engine\Subsystem\SubsystemInterface.h">
      <Filter>Public\Engine\Subsystem</Filter>
    </ClInclude>
    <ClInclude Include="Public\Engine\Timer.h">
      <Filter>Public\Engine</Filter>
    </ClInclude>
    <ClInclude Include="Public\Engine\ViewportContext.h">
      <Filter>Public\Engine</Filter>
    </ClInclude>
    <ClInclude Include="Public\Engine\Window.h">
      <Filter>Public\Engine</Filter>
    </ClInclude>
    <ClInclude Include="Public\GameFramework\Actor\AActor.h">
      <Filter>Public\GameFramework\Actor</Filter>
    </ClInclude>
    <ClInclude Include="Public\GameFramework\Actor\ACharacter.h">
      <Filter>Public\GameFramework\Actor</Filter>
    </ClInclude>
    <ClInclude Include="Public\GameFramework\Actor\AFirstPersonCharacter.h">
      <Filter>Public\GameFramework\Actor</Filter>
    </ClInclude>
    <ClInclude Include="Public\GameFramework\Actor\APawn.h">
      <Filter>Public\GameFramework\Actor</Filter>
    </ClInclude>
    <ClInclude Include="Public\GameFramework\Actor\AThirdPersonCharacter.h">
      <Filter>Public\GameFramework\Actor</Filter>
    </ClInclude>
    <ClInclude Include="Public\GameFramework\Components\HActorComponent.h">
      <Filter>Public\GameFramework\Components</Filter>
    </ClInclude>
    <ClInclude Include="Public\GameFramework\Components\HBillboardComponent.h">
      <Filter>Public\GameFramework\Components</Filter>
    </ClInclude>
    <ClInclude Include="Public\GameFramework\Components\HBoxColliderComponent.h">
      <Filter>Public\GameFramework\Components</Filter>
    </ClInclude>
    <ClInclude Include="Public\GameFramework\Components\HCameraBoomComponenet.h">
      <Filter>Public\GameFramework\Components</Filter>
    </ClInclude>
    <ClInclude Include="Public\GameFramework\Components\HCameraComponent.h">
      <Filter>Public\GameFramework\Components</Filter>
    </ClInclude>
    <ClInclude Include="Public\GameFramework\Components\HCapsuleColliderComponent.h">
      <Filter>Public\GameFramework\Components</Filter>
    </ClInclude>
    <ClInclude Include="Public\GameFramework\Components\HColliderComponent.h">
      <Filter>Public\GameFramework\Components</Filter>
    </ClInclude>
    <ClInclude Include="Public\GameFramework\Components\HControllerComponent.h">
      <Filter>Public\GameFramework\Components</Filter>
    </ClInclude>
    <ClInclude Include="Public\GameFramework\Components\HCubeColliderComponent.h">
      <Filter>Public\GameFramework\Components</Filter>
    </ClInclude>
    <ClInclude Include="Public\GameFramework\Components\HDirectionalLightComponent.h">
      <Filter>Public\GameFramework\Components</Filter>
    </ClInclude>
    <ClInclude Include="Public\GameFramework\Components\HFirstPersonCameraComponent.h">
      <Filter>Public\GameFramework\Components</Filter>
    </ClInclude>
    <ClInclude Include="Public\GameFramework\Components\HLuaScriptComponent.h">
      <Filter>Public\GameFramework\Components</Filter>
    </ClInclude>
    <ClInclude Include="Public\GameFramework\Components\HPlaneColliderComponent.h">
      <Filter>Public\GameFramework\Components</Filter>
    </ClInclude>
    <ClInclude Include="Public\GameFramework\Components\HPointLightComponent.h">
      <Filter>Public\GameFramework\Components</Filter>
    </ClInclude>
    <ClInclude Include="Public\GameFramework\Components\HSceneComponent.h">
      <Filter>Public\GameFramework\Components</Filter>
    </ClInclude>
    <ClInclude Include="Public\GameFramework\Components\HSphereColliderComponent.h">
      <Filter>Public\GameFramework\Components</Filter>
    </ClInclude>
    <ClInclude Include="Public\GameFramework\Components\HStaticMeshComponent.h">
      <Filter>Public\GameFramework\Components</Filter>
    </ClInclude>
    <ClInclude Include="Public\GameFramework\Game.h">
      <Filter>Public\GameFramework</Filter>
    </ClInclude>
    <ClInclude Include="Public\GameFramework\GameInstance.h">
      <Filter>Public\GameFramework</Filter>
    </ClInclude>
    <ClInclude Include="Public\GameFramework\HObject.h">
      <Filter>Public\GameFramework</Filter>
    </ClInclude>
    <ClInclude Include="Public\Input\Gamepad.h">
      <Filter>Public\Input</Filter>
    </ClInclude>
    <ClInclude Include="Public\Input\GamepadEvents.h">
      <Filter>Public\Input</Filter>
    </ClInclude>
    <ClInclude Include="Public\Input\InputDispatcher.h">
      <Filter>Public\Input</Filter>
    </ClInclude>
    <ClInclude Include="Public\Input\InputEnums.h">
      <Filter>Public\Input</Filter>
    </ClInclude>
    <ClInclude Include="Public\Input\KeyEvent.h">
      <Filter>Public\Input</Filter>
    </ClInclude>
    <ClInclude Include="Public\Input\Keyboard.h">
      <Filter>Public\Input</Filter>
    </ClInclude>
    <ClInclude Include="Public\Input\Mouse.h">
      <Filter>Public\Input</Filter>
    </ClInclude>
    <ClInclude Include="Public\Input\MouseEvent.h">
      <Filter>Public\Input</Filter>
    </ClInclude>
    <ClInclude Include="Public\Input\RawInput.h">
      <Filter>Public\Input</Filter>
    </ClInclude>
    <ClInclude Include="Public\Renderer\Common.h">
      <Filter>Public\Renderer</Filter>
    </ClInclude>
    <ClInclude Include="Public\Renderer\ConstantBufferStructures.h">
      <Filter>Public\Renderer</Filter>
    </ClInclude>
    <ClInclude Include="Public\Renderer\Debug.h">
      <Filter>Public\Renderer</Filter>
    </ClInclude>
    <ClInclude Include="Public\Renderer\Font.h">
      <Filter>Public\Renderer</Filter>
    </ClInclude>
    <ClInclude Include="Public\Renderer\FontManager.h">
      <Filter>Public\Renderer</Filter>
    </ClInclude>
    <ClInclude Include="Public\Renderer\GeometryGenerator.h">
      <Filter>Public\Renderer</Filter>
    </ClInclude>
    <ClInclude Include="Public\Renderer\LightManager.h">
      <Filter>Public\Renderer</Filter>
    </ClInclude>
    <ClInclude Include="Public\Renderer\Material.h">
      <Filter>Public\Renderer</Filter>
    </ClInclude>
    <ClInclude Include="Public\Renderer\MaterialManager.h">
      <Filter>Public\Renderer</Filter>
    </ClInclude>
    <ClInclude Include="Public\Renderer\RenderPass.h">
      <Filter>Public\Renderer</Filter>
    </ClInclude>
    <ClInclude Include="Public\Renderer\SceneRenderer.h">
      <Filter>Public\Renderer</Filter>
    </ClInclude>
    <ClInclude Include="Public\Renderer\Shader.h">
      <Filter>Public\Renderer</Filter>
    </ClInclude>
    <ClInclude Include="Public\Renderer\ShaderReflection.h">
      <Filter>Public\Renderer</Filter>
    </ClInclude>
    <ClInclude Include="Public\Renderer\ShaderRegisters.h">
      <Filter>Public\Renderer</Filter>
    </ClInclude>
    <ClInclude Include="Public\Renderer\Technique\DeferredShadingTech.h">
      <Filter>Public\Renderer\Technique</Filter>
    </ClInclude>
    <ClInclude Include="Public\Renderer\Technique\ForwardRenderPass.h">
      <Filter>Public\Renderer\Technique</Filter>
    </ClInclude>
    <ClInclude Include="Public\Renderer\Technique\PostProcessUber.h">
      <Filter>Public\Renderer\Technique</Filter>
    </ClInclude>
    <ClInclude Include="Public\Renderer\Technique\SkyPass.h">
      <Filter>Public\Renderer\Technique</Filter>
    </ClInclude>
    <ClInclude Include="Public\Renderer\UIRenderer.h">
      <Filter>Public\Renderer</Filter>
    </ClInclude>
    <ClInclude Include="Public\UI\Label.h">
      <Filter>Public\UI</Filter>
    </ClInclude>
    <ClInclude Include="Public\UI\Panel.h">
      <Filter>Public\UI</Filter>
    </ClInclude>
    <ClInclude Include="Public\UI\Widget.h">
      <Filter>Public\UI</Filter>
    </ClInclude>
    <ClInclude Include="Public\World\CameraManager.h">
      <Filter>Public\World</Filter>
    </ClInclude>
    <ClInclude Include="Public\World\Level.h">
      <Filter>Public\World</Filter>
    </ClInclude>
    <ClInclude Include="Public\World\Scene.h">
      <Filter>Public\World</Filter>
    </ClInclude>
    <ClInclude Include="Public\World\World.h">
      <Filter>Public\World</Filter>
    </ClInclude>
  </ItemGroup>
  <ItemGroup>
    <ClCompile Include="Private\App\App.cpp">
      <Filter>Private\App</Filter>
    </ClCompile>
    <ClCompile Include="Private\AssetRegistry\ActorDatabase.cpp">
      <Filter>Private\AssetRegistry</Filter>
    </ClCompile>
    <ClCompile Include="Private\AssetRegistry\Asset.cpp">
      <Filter>Private\AssetRegistry</Filter>
    </ClCompile>
    <ClCompile Include="Private\AssetRegistry\AssetDatabase.cpp">
      <Filter>Private\AssetRegistry</Filter>
    </ClCompile>
    <ClCompile Include="Private\AssetRegistry\DatabaseInterface.cpp">
      <Filter>Private\AssetRegistry</Filter>
    </ClCompile>
    <ClCompile Include="Private\AssetRegistry\FontDatabase.cpp">
      <Filter>Private\AssetRegistry</Filter>
    </ClCompile>
    <ClCompile Include="Private\AssetRegistry\MaterialDatabase.cpp">
      <Filter>Private\AssetRegistry</Filter>
    </ClCompile>
    <ClCompile Include="Private\AssetRegistry\ScriptDatabase.cpp">
      <Filter>Private\AssetRegistry</Filter>
    </ClCompile>
    <ClCompile Include="Private\AssetRegistry\ShaderDatabase.cpp">
      <Filter>Private\AssetRegistry</Filter>
    </ClCompile>
    <ClCompile Include="Private\AssetRegistry\TextureDatabase.cpp">
      <Filter>Private\AssetRegistry</Filter>
    </ClCompile>
    <ClCompile Include="Private\Engine\BuildConfigValidation.cpp">
      <Filter>Private\Engine</Filter>
    </ClCompile>
    <ClCompile Include="Private\Engine\Engine.cpp">
      <Filter>Private\Engine</Filter>
    </ClCompile>
    <ClCompile Include="Private\Engine\EngineEvent.cpp">
      <Filter>Private\Engine</Filter>
    </ClCompile>
    <ClCompile Include="Private\Engine\Events.cpp">
      <Filter>Private\Engine</Filter>
    </ClCompile>
    <ClCompile Include="Private\Engine\GameProject.cpp">
      <Filter>Private\Engine</Filter>
    </ClCompile>
    <ClCompile Include="Private\Engine\HelixEngine.cpp">
      <Filter>Private\Engine</Filter>
    </ClCompile>
    <ClCompile Include="Private\Engine\ScriptManager.cpp">
      <Filter>Private\Engine</Filter>
    </ClCompile>
    <ClCompile Include="Private\Engine\SplashScreen.cpp">
      <Filter>Private\Engine</Filter>
    </ClCompile>
    <ClCompile Include="Private\Engine\Subsystem\PhysicsSubsystem.cpp">
      <Filter>Private\Engine\Subsystem</Filter>
    </ClCompile>
    <ClCompile Include="Private\Engine\Subsystem\RenderingSubsystem.cpp">
      <Filter>Private\Engine\Subsystem</Filter>
    </ClCompile>
    <ClCompile Include="Private\Engine\Subsystem\SubsystemInterface.cpp">
      <Filter>Private\Engine\Subsystem</Filter>
    </ClCompile>
    <ClCompile Include="Private\Engine\Timer.cpp">
      <Filter>Private\Engine</Filter>
    </ClCompile>
    <ClCompile Include="Private\Engine\ViewportContext.cpp">
      <Filter>Private\Engine</Filter>
    </ClCompile>
    <ClCompile Include="Private\GameFramework\Actor\AActor.cpp">
      <Filter>Private\GameFramework\Actor</Filter>
    </ClCompile>
    <ClCompile Include="Private\GameFramework\Actor\ACharacter.cpp">
      <Filter>Private\GameFramework\Actor</Filter>
    </ClCompile>
    <ClCompile Include="Private\GameFramework\Actor\AFirstPersonCharacter.cpp">
      <Filter>Private\GameFramework\Actor</Filter>
    </ClCompile>
    <ClCompile Include="Private\GameFramework\Actor\APawn.cpp">
      <Filter>Private\GameFramework\Actor</Filter>
    </ClCompile>
    <ClCompile Include="Private\GameFramework\Actor\AThirdPersonCharacter.cpp">
      <Filter>Private\GameFramework\Actor</Filter>
    </ClCompile>
    <ClCompile Include="Private\GameFramework\Components\HActorComponent.cpp">
      <Filter>Private\GameFramework\Components</Filter>
    </ClCompile>
    <ClCompile Include="Private\GameFramework\Components\HBillboardComponent.cpp">
      <Filter>Private\GameFramework\Components</Filter>
    </ClCompile>
    <ClCompile Include="Private\GameFramework\Components\HCameraBoomComponent.cpp">
      <Filter>Private\GameFramework\Components</Filter>
    </ClCompile>
    <ClCompile Include="Private\GameFramework\Components\HCameraComponent.cpp">
      <Filter>Private\GameFramework\Components</Filter>
    </ClCompile>
    <ClCompile Include="Private\GameFramework\Components\HCapsuleColliderComponent.cpp">
      <Filter>Private\GameFramework\Components</Filter>
    </ClCompile>
    <ClCompile Include="Private\GameFramework\Components\HColliderComponent.cpp">
      <Filter>Private\GameFramework\Components</Filter>
    </ClCompile>
    <ClCompile Include="Private\GameFramework\Components\HControllerComponent.cpp">
      <Filter>Private\GameFramework\Components</Filter>
    </ClCompile>
    <ClCompile Include="Private\GameFramework\Components\HCubeColliderComponent.cpp">
      <Filter>Private\GameFramework\Components</Filter>
    </ClCompile>
    <ClCompile Include="Private\GameFramework\Components\HDirectionalLightComponent.cpp">
      <Filter>Private\GameFramework\Components</Filter>
    </ClCompile>
    <ClCompile Include="Private\GameFramework\Components\HFirstPersonCameraComponent.cpp">
      <Filter>Private\GameFramework\Components</Filter>
    </ClCompile>
    <ClCompile Include="Private\GameFramework\Components\HLuaScriptComponent.cpp">
      <Filter>Private\GameFramework\Components</Filter>
    </ClCompile>
    <ClCompile Include="Private\GameFramework\Components\HPlaneColliderComponent.cpp">
      <Filter>Private\GameFramework\Components</Filter>
    </ClCompile>
    <ClCompile Include="Private\GameFramework\Components\HPointLightComponent.cpp">
      <Filter>Private\GameFramework\Components</Filter>
    </ClCompile>
    <ClCompile Include="Private\GameFramework\Components\HSceneComponent.cpp">
      <Filter>Private\GameFramework\Components</Filter>
    </ClCompile>
    <ClCompile Include="Private\GameFramework\Components\HSphereColliderComponent.cpp">
      <Filter>Private\GameFramework\Components</Filter>
    </ClCompile>
    <ClCompile Include="Private\GameFramework\Components\HStaticMeshComponent.cpp">
      <Filter>Private\GameFramework\Components</Filter>
    </ClCompile>
    <ClCompile Include="Private\GameFramework\Game.cpp">
      <Filter>Private\GameFramework</Filter>
    </ClCompile>
    <ClCompile Include="Private\GameFramework\GameInstance.cpp">
      <Filter>Private\GameFramework</Filter>
    </ClCompile>
    <ClCompile Include="Private\GameFramework\HObject.cpp">
      <Filter>Private\GameFramework</Filter>
    </ClCompile>
    <ClCompile Include="Private\Input\Gamepad.cpp">
      <Filter>Private\Input</Filter>
    </ClCompile>
    <ClCompile Include="Private\Input\InputDispatcher.cpp">
      <Filter>Private\Input</Filter>
    </ClCompile>
    <ClCompile Include="Private\Input\KeyEvent.cpp">
      <Filter>Private\Input</Filter>
    </ClCompile>
    <ClCompile Include="Private\Input\Keyboard.cpp">
      <Filter>Private\Input</Filter>
    </ClCompile>
    <ClCompile Include="Private\Input\Mouse.cpp">
      <Filter>Private\Input</Filter>
    </ClCompile>
    <ClCompile Include="Private\Input\MouseEvent.cpp">
      <Filter>Private\Input</Filter>
    </ClCompile>
    <ClCompile Include="Private\Input\RawInput.cpp">
      <Filter>Private\Input</Filter>
    </ClCompile>
    <ClCompile Include="Private\Launch\LaunchWindowsDesktop.cpp">
      <Filter>Private\Launch</Filter>
    </ClCompile>
    <ClCompile Include="Private\Launch\LaunchWindowsUniversal.cpp">
      <Filter>Private\Launch</Filter>
    </ClCompile>
    <ClCompile Include="Private\PCH\EnginePCH.cpp">
      <Filter>Private\PCH</Filter>
    </ClCompile>
    <ClCompile Include="Private\Renderer\Common.cpp">
      <Filter>Private\Renderer</Filter>
    </ClCompile>
    <ClCompile Include="Private\Renderer\Debug.cpp">
      <Filter>Private\Renderer</Filter>
    </ClCompile>
    <ClCompile Include="Private\Renderer\Font.cpp">
      <Filter>Private\Renderer</Filter>
    </ClCompile>
    <ClCompile Include="Private\Renderer\FontManager.cpp">
      <Filter>Private\Renderer</Filter>
    </ClCompile>
    <ClCompile Include="Private\Renderer\LightManager.cpp">
      <Filter>Private\Renderer</Filter>
    </ClCompile>
    <ClCompile Include="Private\Renderer\Material.cpp">
      <Filter>Private\Renderer</Filter>
    </ClCompile>
    <ClCompile Include="Private\Renderer\MaterialInstance.cpp">
      <Filter>Private\Renderer</Filter>
    </ClCompile>
    <ClCompile Include="Private\Renderer\MaterialManager.cpp">
      <Filter>Private\Renderer</Filter>
    </ClCompile>
    <ClCompile Include="Private\Renderer\SceneRenderer.cpp">
      <Filter>Private\Renderer</Filter>
    </ClCompile>
    <ClCompile Include="Private\Renderer\Shader.cpp">
      <Filter>Private\Renderer</Filter>
    </ClCompile>
    <ClCompile Include="Private\Renderer\ShaderReflection.cpp">
      <Filter>Private\Renderer</Filter>
    </ClCompile>
    <ClCompile Include="Private\Renderer\Technique\DeferredShadingTech.cpp">
      <Filter>Private\Renderer\Technique</Filter>
    </ClCompile>
    <ClCompile Include="Private\Renderer\Technique\ForwardRenderPass.cpp">
      <Filter>Private\Renderer\Technique</Filter>
    </ClCompile>
    <ClCompile Include="Private\Renderer\Technique\PostProcessUber.cpp">
      <Filter>Private\Renderer\Technique</Filter>
    </ClCompile>
    <ClCompile Include="Private\Renderer\Technique\SkyPass.cpp">
      <Filter>Private\Renderer\Technique</Filter>
    </ClCompile>
    <ClCompile Include="Private\Renderer\UIRenderer.cpp">
      <Filter>Private\Renderer</Filter>
    </ClCompile>
    <ClCompile Include="Private\UI\Label.cpp">
      <Filter>Private\UI</Filter>
    </ClCompile>
    <ClCompile Include="Private\UI\Panel.cpp">
      <Filter>Private\UI</Filter>
    </ClCompile>
    <ClCompile Include="Private\Windows\Desktop\FileExplorerWinDesktop.cpp">
      <Filter>Private\Windows\Desktop</Filter>
    </ClCompile>
    <ClCompile Include="Private\Windows\Desktop\WindowWinDesktop.cpp">
      <Filter>Private\Windows\Desktop</Filter>
    </ClCompile>
    <ClCompile Include="Private\Windows\Universal\WindowUniversal.cpp">
      <Filter>Private\Windows\Universal</Filter>
    </ClCompile>
    <ClCompile Include="Private\World\CameraManager.cpp">
      <Filter>Private\World</Filter>
    </ClCompile>
    <ClCompile Include="Private\World\Level.cpp">
      <Filter>Private\World</Filter>
    </ClCompile>
    <ClCompile Include="Private\World\Scene.cpp">
      <Filter>Private\World</Filter>
    </ClCompile>
    <ClCompile Include="Private\World\World.cpp">
      <Filter>Private\World</Filter>
    </ClCompile>
    <ClCompile Include="Public\Renderer\GeometryGenerator.cpp">
      <Filter>Public\Renderer</Filter>
    </ClCompile>
  </ItemGroup>
  <ItemGroup>
    <None Include="Engine.module.lua" />
    <None Include="Private\Windows\Desktop\Resource\HelixEngine.ico">
      <Filter>Private\Windows\Desktop\Resource</Filter>
    </None>
  </ItemGroup>
  <ItemGroup>
    <ResourceCompile Include="Private\Windows\Desktop\Resource\Resource.rc">
      <Filter>Private\Windows\Desktop\Resource</Filter>
    </ResourceCompile>
  </ItemGroup>
  <ItemGroup>
    <AppxManifest Include="Private\Windows\Universal\Resource\Package.appxmanifest">
      <Filter>Private\Windows\Universal\Resource</Filter>
    </AppxManifest>
  </ItemGroup>
</Project>