<?xml version="1.0" encoding="utf-8"?>
<Project ToolsVersion="4.0" xmlns="http://schemas.microsoft.com/developer/msbuild/2003">
  <ItemGroup>
    <Filter Include="Private">
      <UniqueIdentifier>{001F8D23-6CFE-0BBF-7516-9795E1747220}</UniqueIdentifier>
    </Filter>
    <Filter Include="Private\PCH">
      <UniqueIdentifier>{0AC21F53-7677-9848-FF6B-921F6B208F4C}</UniqueIdentifier>
    </Filter>
    <Filter Include="Private\Windows">
      <UniqueIdentifier>{3AC949F8-A654-B7BC-AF65-3AB11B7013BD}</UniqueIdentifier>
    </Filter>
    <Filter Include="Private\Windows\Desktop">
      <UniqueIdentifier>{034EB910-6F85-01A8-788F-65CBE44528A1}</UniqueIdentifier>
    </Filter>
    <Filter Include="Private\Windows\Universal">
      <UniqueIdentifier>{6286AD45-CE48-E1CF-17F9-6F5C83FAB9AD}</UniqueIdentifier>
    </Filter>
    <Filter Include="Public">
      <UniqueIdentifier>{8480F8CA-7022-23A1-59DD-36F5451EAAF1}</UniqueIdentifier>
    </Filter>
  </ItemGroup>
  <ItemGroup>
    <ClInclude Include="Private\PCH\CorePCH.h">
      <Filter>Private\PCH</Filter>
    </ClInclude>
    <ClInclude Include="Public\Callbacks.h">
      <Filter>Public</Filter>
    </ClInclude>
    <ClInclude Include="Public\Cast.h">
      <Filter>Public</Filter>
    </ClInclude>
    <ClInclude Include="Public\CommandLine.h">
      <Filter>Public</Filter>
    </ClInclude>
    <ClInclude Include="Public\CoreFwd.h">
      <Filter>Public</Filter>
    </ClInclude>
    <ClInclude Include="Public\CriticalSection.h">
      <Filter>Public</Filter>
    </ClInclude>
    <ClInclude Include="Public\DataTypeWrappers.h">
      <Filter>Public</Filter>
    </ClInclude>
    <ClInclude Include="Public\DataTypes.h">
      <Filter>Public</Filter>
    </ClInclude>
    <ClInclude Include="Public\DebugAssert.h">
      <Filter>Public</Filter>
    </ClInclude>
    <ClInclude Include="Public\EnumHelper.h">
      <Filter>Public</Filter>
    </ClInclude>
    <ClInclude Include="Public\FileSystem.h">
      <Filter>Public</Filter>
    </ClInclude>
    <ClInclude Include="Public\FrameTimer.h">
      <Filter>Public</Filter>
    </ClInclude>
    <ClInclude Include="Public\Handle.h">
      <Filter>Public</Filter>
    </ClInclude>
    <ClInclude Include="Public\Hash.h">
      <Filter>Public</Filter>
    </ClInclude>
    <ClInclude Include="Public\JsonUtility.h">
      <Filter>Public</Filter>
    </ClInclude>
    <ClInclude Include="Public\JsonUtility.inl">
      <Filter>Public</Filter>
    </ClInclude>
    <ClInclude Include="Public\Logger.h">
      <Filter>Public</Filter>
    </ClInclude>
    <ClInclude Include="Public\MathCommon.h">
      <Filter>Public</Filter>
    </ClInclude>
    <ClInclude Include="Public\Path.h">
      <Filter>Public</Filter>
    </ClInclude>
    <ClInclude Include="Public\Ref.h">
      <Filter>Public</Filter>
    </ClInclude>
    <ClInclude Include="Public\Ref.inl">
      <Filter>Public</Filter>
    </ClInclude>
    <ClInclude Include="Public\Scope.h">
      <Filter>Public</Filter>
    </ClInclude>
    <ClInclude Include="Public\Scope.inl">
      <Filter>Public</Filter>
    </ClInclude>
    <ClInclude Include="Public\Semaphore.h">
      <Filter>Public</Filter>
    </ClInclude>
    <ClInclude Include="Public\StringHelper.h">
      <Filter>Public</Filter>
    </ClInclude>
    <ClInclude Include="Public\System.h">
      <Filter>Public</Filter>
    </ClInclude>
    <ClInclude Include="Public\TSingleton.h">
      <Filter>Public</Filter>
    </ClInclude>
  </ItemGroup>
  <ItemGroup>
    <ClCompile Include="Private\CommandLine.cpp">
      <Filter>Private</Filter>
    </ClCompile>
    <ClCompile Include="Private\FileSystem.cpp">
      <Filter>Private</Filter>
    </ClCompile>
    <ClCompile Include="Private\Logger.cpp">
      <Filter>Private</Filter>
    </ClCompile>
    <ClCompile Include="Private\PCH\CorePCH.cpp">
      <Filter>Private\PCH</Filter>
    </ClCompile>
    <ClCompile Include="Private\StringHelper.cpp">
      <Filter>Private</Filter>
    </ClCompile>
    <ClCompile Include="Private\Windows\CriticalSectionWinDesktop.cpp">
      <Filter>Private\Windows</Filter>
    </ClCompile>
    <ClCompile Include="Private\Windows\Desktop\SystemWinDesktop.cpp">
      <Filter>Private\Windows\Desktop</Filter>
    </ClCompile>
    <ClCompile Include="Private\Windows\SamaphoreWinDesktop.cpp">
      <Filter>Private\Windows</Filter>
    </ClCompile>
    <ClCompile Include="Private\Windows\Universal\SystemWinUniversal.cpp">
      <Filter>Private\Windows\Universal</Filter>
    </ClCompile>
  </ItemGroup>
  <ItemGroup>
    <None Include="Core.module.lua" />
  </ItemGroup>
</Project>