<?xml version="1.0" encoding="utf-8"?>
<Project ToolsVersion="4.0" xmlns="http://schemas.microsoft.com/developer/msbuild/2003">
  <ItemGroup>
    <Filter Include="Private">
      <UniqueIdentifier>{001F8D23-6CFE-0BBF-7516-9795E1747220}</UniqueIdentifier>
    </Filter>
    <Filter Include="Private\APIBridge">
      <UniqueIdentifier>{76BC75AD-E2D2-7343-2B4A-FF64979F44CB}</UniqueIdentifier>
    </Filter>
    <Filter Include="Private\D3DCommon">
      <UniqueIdentifier>{33FAB3C8-9F10-B25E-E887-3D8054DD82E6}</UniqueIdentifier>
    </Filter>
    <Filter Include="Private\Direct3D12">
      <UniqueIdentifier>{44A0E302-3084-A458-99E4-9EAB85E78EDA}</UniqueIdentifier>
    </Filter>
    <Filter Include="Private\Direct3D12\Utility">
      <UniqueIdentifier>{8762FDF2-7372-A9C3-DC2B-0EE2C85A985C}</UniqueIdentifier>
    </Filter>
    <Filter Include="Private\PCH">
      <UniqueIdentifier>{0AC21F53-7677-9848-FF6B-921F6B208F4C}</UniqueIdentifier>
    </Filter>
    <Filter Include="Public">
      <UniqueIdentifier>{8480F8CA-7022-23A1-59DD-36F5451EAAF1}</UniqueIdentifier>
    </Filter>
    <Filter Include="Public\APIBridge">
      <UniqueIdentifier>{FAD21BBB-E6CB-3A0D-0FFE-1F92FB551A19}</UniqueIdentifier>
    </Filter>
  </ItemGroup>
  <ItemGroup>
    <ClInclude Include="Private\D3DCommon\D3DCommon.h">
      <Filter>Private\D3DCommon</Filter>
    </ClInclude>
    <ClInclude Include="Private\Direct3D12\BackendCoreD3D12.h">
      <Filter>Private\Direct3D12</Filter>
    </ClInclude>
    <ClInclude Include="Private\Direct3D12\ColorBufferD3D12.h">
      <Filter>Private\Direct3D12</Filter>
    </ClInclude>
    <ClInclude Include="Private\Direct3D12\CommandAllocatorPoolD3D12.h">
      <Filter>Private\Direct3D12</Filter>
    </ClInclude>
    <ClInclude Include="Private\Direct3D12\CommandContextD3D12.h">
      <Filter>Private\Direct3D12</Filter>
    </ClInclude>
    <ClInclude Include="Private\Direct3D12\CommandManagerD3D12.h">
      <Filter>Private\Direct3D12</Filter>
    </ClInclude>
    <ClInclude Include="Private\Direct3D12\ConstantBufferManagerD3D12.h">
      <Filter>Private\Direct3D12</Filter>
    </ClInclude>
    <ClInclude Include="Private\Direct3D12\DepthBufferD3D12.h">
      <Filter>Private\Direct3D12</Filter>
    </ClInclude>
    <ClInclude Include="Private\Direct3D12\DescriptorAllocatorD3D12.h">
      <Filter>Private\Direct3D12</Filter>
    </ClInclude>
    <ClInclude Include="Private\Direct3D12\DescriptorHeapD3D12.h">
      <Filter>Private\Direct3D12</Filter>
    </ClInclude>
    <ClInclude Include="Private\Direct3D12\DeviceD3D12.h">
      <Filter>Private\Direct3D12</Filter>
    </ClInclude>
    <ClInclude Include="Private\Direct3D12\DynamicDescriptorHeapD3D12.h">
      <Filter>Private\Direct3D12</Filter>
    </ClInclude>
    <ClInclude Include="Private\Direct3D12\GeometryBufferManagerD3D12.h">
      <Filter>Private\Direct3D12</Filter>
    </ClInclude>
    <ClInclude Include="Private\Direct3D12\GpuResourceD3D12.h">
      <Filter>Private\Direct3D12</Filter>
    </ClInclude>
    <ClInclude Include="Private\Direct3D12\IndexBufferD3D12.h">
      <Filter>Private\Direct3D12</Filter>
    </ClInclude>
    <ClInclude Include="Private\Direct3D12\LinearAllocator.h">
      <Filter>Private\Direct3D12</Filter>
    </ClInclude>
    <ClInclude Include="Private\Direct3D12\PipelineStateD3D12.h">
      <Filter>Private\Direct3D12</Filter>
    </ClInclude>
    <ClInclude Include="Private\Direct3D12\PixelBufferD3D12.h">
      <Filter>Private\Direct3D12</Filter>
    </ClInclude>
    <ClInclude Include="Private\Direct3D12\RootSignatureD3D12.h">
      <Filter>Private\Direct3D12</Filter>
    </ClInclude>
    <ClInclude Include="Private\Direct3D12\SwapchainD3D12.h">
      <Filter>Private\Direct3D12</Filter>
    </ClInclude>
    <ClInclude Include="Private\Direct3D12\TextureD3D12.h">
      <Filter>Private\Direct3D12</Filter>
    </ClInclude>
    <ClInclude Include="Private\Direct3D12\TextureManagerD3D12.h">
      <Filter>Private\Direct3D12</Filter>
    </ClInclude>
    <ClInclude Include="Private\Direct3D12\Utility\DDSTextureLoader.h">
      <Filter>Private\Direct3D12\Utility</Filter>
    </ClInclude>
    <ClInclude Include="Private\Direct3D12\Utility\dds.h">
      <Filter>Private\Direct3D12\Utility</Filter>
    </ClInclude>
    <ClInclude Include="Private\Direct3D12\VertexBufferD3D12.h">
      <Filter>Private\Direct3D12</Filter>
    </ClInclude>
    <ClInclude Include="Private\Direct3D12\d3dx12.h">
      <Filter>Private\Direct3D12</Filter>
    </ClInclude>
    <ClInclude Include="Private\PCH\RendererPCH.h">
      <Filter>Private\PCH</Filter>
    </ClInclude>
    <ClInclude Include="Public\APIBridge\CommonFunctions.h">
      <Filter>Public\APIBridge</Filter>
    </ClInclude>
    <ClInclude Include="Public\APIBridge\EnumTranslations.h">
      <Filter>Public\APIBridge</Filter>
    </ClInclude>
    <ClInclude Include="Public\Color.h">
      <Filter>Public</Filter>
    </ClInclude>
    <ClInclude Include="Public\CommonEnums.h">
      <Filter>Public</Filter>
    </ClInclude>
    <ClInclude Include="Public\CommonStructHelpers.h">
      <Filter>Public</Filter>
    </ClInclude>
    <ClInclude Include="Public\CommonStructs.h">
      <Filter>Public</Filter>
    </ClInclude>
    <ClInclude Include="Public\HTexture2D.h">
      <Filter>Public</Filter>
    </ClInclude>
    <ClInclude Include="Public\HTexture3D.h">
      <Filter>Public</Filter>
    </ClInclude>
    <ClInclude Include="Public\IColorBuffer.h">
      <Filter>Public</Filter>
    </ClInclude>
    <ClInclude Include="Public\ICommandContext.h">
      <Filter>Public</Filter>
    </ClInclude>
    <ClInclude Include="Public\ICommandManager.h">
      <Filter>Public</Filter>
    </ClInclude>
    <ClInclude Include="Public\IConstantBufferManager.h">
      <Filter>Public</Filter>
    </ClInclude>
    <ClInclude Include="Public\IDepthBuffer.h">
      <Filter>Public</Filter>
    </ClInclude>
    <ClInclude Include="Public\IDescriptorHeap.h">
      <Filter>Public</Filter>
    </ClInclude>
    <ClInclude Include="Public\IDevice.h">
      <Filter>Public</Filter>
    </ClInclude>
    <ClInclude Include="Public\IGeometryBufferManager.h">
      <Filter>Public</Filter>
    </ClInclude>
    <ClInclude Include="Public\IGpuResource.h">
      <Filter>Public</Filter>
    </ClInclude>
    <ClInclude Include="Public\IIndexBuffer.h">
      <Filter>Public</Filter>
    </ClInclude>
    <ClInclude Include="Public\IPipelineState.h">
      <Filter>Public</Filter>
    </ClInclude>
    <ClInclude Include="Public\IPixelBuffer.h">
      <Filter>Public</Filter>
    </ClInclude>
    <ClInclude Include="Public\IRootSignature.h">
      <Filter>Public</Filter>
    </ClInclude>
    <ClInclude Include="Public\ISwapChain.h">
      <Filter>Public</Filter>
    </ClInclude>
    <ClInclude Include="Public\ITexture.h">
      <Filter>Public</Filter>
    </ClInclude>
    <ClInclude Include="Public\ITextureManager.h">
      <Filter>Public</Filter>
    </ClInclude>
    <ClInclude Include="Public\IVertexBuffer.h">
      <Filter>Public</Filter>
    </ClInclude>
    <ClInclude Include="Public\ModelManager.h">
      <Filter>Public</Filter>
    </ClInclude>
    <ClInclude Include="Public\RenderContext.h">
      <Filter>Public</Filter>
    </ClInclude>
    <ClInclude Include="Public\RenderContextFactory.h">
      <Filter>Public</Filter>
    </ClInclude>
    <ClInclude Include="Public\RenderContextFactoryD3D12.h">
      <Filter>Public</Filter>
    </ClInclude>
    <ClInclude Include="Public\RendererCore.h">
      <Filter>Public</Filter>
    </ClInclude>
    <ClInclude Include="Public\RendererFwd.h">
      <Filter>Public</Filter>
    </ClInclude>
    <ClInclude Include="Public\RendererInitializer.h">
      <Filter>Public</Filter>
    </ClInclude>
    <ClInclude Include="Public\StaticMeshGeometry.h">
      <Filter>Public</Filter>
    </ClInclude>
    <ClInclude Include="Public\VertexLayouts.h">
      <Filter>Public</Filter>
    </ClInclude>
  </ItemGroup>
  <ItemGroup>
    <ClCompile Include="Private\APIBridge\CommonFunctions.cpp">
      <Filter>Private\APIBridge</Filter>
    </ClCompile>
    <ClCompile Include="Private\APIBridge\EnumTranslations.cpp">
      <Filter>Private\APIBridge</Filter>
    </ClCompile>
    <ClCompile Include="Private\Direct3D12\BackendCoreD3D12.cpp">
      <Filter>Private\Direct3D12</Filter>
    </ClCompile>
    <ClCompile Include="Private\Direct3D12\ColorBufferD3D12.cpp">
      <Filter>Private\Direct3D12</Filter>
    </ClCompile>
    <ClCompile Include="Private\Direct3D12\CommandAllocatorPoolD3D12.cpp">
      <Filter>Private\Direct3D12</Filter>
    </ClCompile>
    <ClCompile Include="Private\Direct3D12\CommandContextD3D12.cpp">
      <Filter>Private\Direct3D12</Filter>
    </ClCompile>
    <ClCompile Include="Private\Direct3D12\CommandManagerD3D12.cpp">
      <Filter>Private\Direct3D12</Filter>
    </ClCompile>
    <ClCompile Include="Private\Direct3D12\ConstantBufferManagerD3D12.cpp">
      <Filter>Private\Direct3D12</Filter>
    </ClCompile>
    <ClCompile Include="Private\Direct3D12\DepthBufferD3D12.cpp">
      <Filter>Private\Direct3D12</Filter>
    </ClCompile>
    <ClCompile Include="Private\Direct3D12\DescriptorAllocatorD3D12.cpp">
      <Filter>Private\Direct3D12</Filter>
    </ClCompile>
    <ClCompile Include="Private\Direct3D12\DescriptorHeapD3D12.cpp">
      <Filter>Private\Direct3D12</Filter>
    </ClCompile>
    <ClCompile Include="Private\Direct3D12\DeviceD3D12.cpp">
      <Filter>Private\Direct3D12</Filter>
    </ClCompile>
    <ClCompile Include="Private\Direct3D12\DynamicDescriptorHeapD3D12.cpp">
      <Filter>Private\Direct3D12</Filter>
    </ClCompile>
    <ClCompile Include="Private\Direct3D12\GeometryBufferManagerD3D12.cpp">
      <Filter>Private\Direct3D12</Filter>
    </ClCompile>
    <ClCompile Include="Private\Direct3D12\GpuResourceD3D12.cpp">
      <Filter>Private\Direct3D12</Filter>
    </ClCompile>
    <ClCompile Include="Private\Direct3D12\IndexBufferD3D12.cpp">
      <Filter>Private\Direct3D12</Filter>
    </ClCompile>
    <ClCompile Include="Private\Direct3D12\LinearAllocator.cpp">
      <Filter>Private\Direct3D12</Filter>
    </ClCompile>
    <ClCompile Include="Private\Direct3D12\PipelineStateD3D12.cpp">
      <Filter>Private\Direct3D12</Filter>
    </ClCompile>
    <ClCompile Include="Private\Direct3D12\PixelBufferD3D12.cpp">
      <Filter>Private\Direct3D12</Filter>
    </ClCompile>
    <ClCompile Include="Private\Direct3D12\RenderContextFactoryD3D12.cpp">
      <Filter>Private\Direct3D12</Filter>
    </ClCompile>
    <ClCompile Include="Private\Direct3D12\RootSignatureD3D12.cpp">
      <Filter>Private\Direct3D12</Filter>
    </ClCompile>
    <ClCompile Include="Private\Direct3D12\SwapChainD3D12.cpp">
      <Filter>Private\Direct3D12</Filter>
    </ClCompile>
    <ClCompile Include="Private\Direct3D12\TextureD3D12.cpp">
      <Filter>Private\Direct3D12</Filter>
    </ClCompile>
    <ClCompile Include="Private\Direct3D12\TextureManagerD3D12.cpp">
      <Filter>Private\Direct3D12</Filter>
    </ClCompile>
    <ClCompile Include="Private\Direct3D12\Utility\DDSTextureLoader.cpp">
      <Filter>Private\Direct3D12\Utility</Filter>
    </ClCompile>
    <ClCompile Include="Private\Direct3D12\VertexBufferD3D12.cpp">
      <Filter>Private\Direct3D12</Filter>
    </ClCompile>
    <ClCompile Include="Private\ICommandContext.cpp">
      <Filter>Private</Filter>
    </ClCompile>
    <ClCompile Include="Private\IConstantBufferManager.cpp">
      <Filter>Private</Filter>
    </ClCompile>
    <ClCompile Include="Private\IGeometryBufferManager.cpp">
      <Filter>Private</Filter>
    </ClCompile>
    <ClCompile Include="Private\IRootSignature.cpp">
      <Filter>Private</Filter>
    </ClCompile>
    <ClCompile Include="Private\ISwapchain.cpp">
      <Filter>Private</Filter>
    </ClCompile>
    <ClCompile Include="Private\ITextureManager.cpp">
      <Filter>Private</Filter>
    </ClCompile>
    <ClCompile Include="Private\ModelManager.cpp">
      <Filter>Private</Filter>
    </ClCompile>
    <ClCompile Include="Private\PCH\RendererPCH.cpp">
      <Filter>Private\PCH</Filter>
    </ClCompile>
    <ClCompile Include="Private\RenderContext.cpp">
      <Filter>Private</Filter>
    </ClCompile>
    <ClCompile Include="Private\RendererCore.cpp">
      <Filter>Private</Filter>
    </ClCompile>
    <ClCompile Include="Private\RendererDetail.cpp">
      <Filter>Private</Filter>
    </ClCompile>
    <ClCompile Include="Private\RendererInitializer.cpp">
      <Filter>Private</Filter>
    </ClCompile>
    <ClCompile Include="Private\StaticMeshGeometry.cpp">
      <Filter>Private</Filter>
    </ClCompile>
  </ItemGroup>
  <ItemGroup>
    <None Include="Renderer.module.lua" />
  </ItemGroup>
</Project>